// !$*UTF8*$!
{
	archiveVersion = 1;
	classes = {
	};
	objectVersion = 46;
	objects = {

/* Begin PBXBuildFile section */
		08554AA3179990D4009AFE5E /* Foundation.framework in Frameworks */ = {isa = PBXBuildFile; fileRef = 08554AA2179990D4009AFE5E /* Foundation.framework */; };
		08554AA5179990D4009AFE5E /* CoreGraphics.framework in Frameworks */ = {isa = PBXBuildFile; fileRef = 08554AA4179990D4009AFE5E /* CoreGraphics.framework */; };
		08554AA7179990D4009AFE5E /* UIKit.framework in Frameworks */ = {isa = PBXBuildFile; fileRef = 08554AA6179990D4009AFE5E /* UIKit.framework */; };
		08554AAD179990D4009AFE5E /* InfoPlist.strings in Resources */ = {isa = PBXBuildFile; fileRef = 08554AAB179990D4009AFE5E /* InfoPlist.strings */; };
		08554AAF179990D4009AFE5E /* main.m in Sources */ = {isa = PBXBuildFile; fileRef = 08554AAE179990D4009AFE5E /* main.m */; };
		08554AB3179990D4009AFE5E /* HSFAppDelegate.m in Sources */ = {isa = PBXBuildFile; fileRef = 08554AB2179990D4009AFE5E /* HSFAppDelegate.m */; };
		08554AB6179990D4009AFE5E /* Main_iPhone.storyboard in Resources */ = {isa = PBXBuildFile; fileRef = 08554AB4179990D4009AFE5E /* Main_iPhone.storyboard */; };
		08554AB9179990D4009AFE5E /* Main_iPad.storyboard in Resources */ = {isa = PBXBuildFile; fileRef = 08554AB7179990D4009AFE5E /* Main_iPad.storyboard */; };
		08554ABC179990D4009AFE5E /* HSFContactViewController.m in Sources */ = {isa = PBXBuildFile; fileRef = 08554ABB179990D4009AFE5E /* HSFContactViewController.m */; };
		08554ABE179990D4009AFE5E /* Images.xcassets in Resources */ = {isa = PBXBuildFile; fileRef = 08554ABD179990D4009AFE5E /* Images.xcassets */; };
		08554AC5179990D4009AFE5E /* XCTest.framework in Frameworks */ = {isa = PBXBuildFile; fileRef = 08554AC4179990D4009AFE5E /* XCTest.framework */; };
		08554AC6179990D4009AFE5E /* Foundation.framework in Frameworks */ = {isa = PBXBuildFile; fileRef = 08554AA2179990D4009AFE5E /* Foundation.framework */; };
		08554AC7179990D4009AFE5E /* UIKit.framework in Frameworks */ = {isa = PBXBuildFile; fileRef = 08554AA6179990D4009AFE5E /* UIKit.framework */; };
		08554ACF179990D4009AFE5E /* InfoPlist.strings in Resources */ = {isa = PBXBuildFile; fileRef = 08554ACD179990D4009AFE5E /* InfoPlist.strings */; };
		08554AD1179990D4009AFE5E /* OnTheGoRegTests.m in Sources */ = {isa = PBXBuildFile; fileRef = 08554AD0179990D4009AFE5E /* OnTheGoRegTests.m */; };
		08554AFC17999598009AFE5E /* FMDatabase.m in Sources */ = {isa = PBXBuildFile; fileRef = 08554AF217999598009AFE5E /* FMDatabase.m */; };
		08554AFD17999598009AFE5E /* FMDatabaseAdditions.m in Sources */ = {isa = PBXBuildFile; fileRef = 08554AF417999598009AFE5E /* FMDatabaseAdditions.m */; };
		08554AFE17999598009AFE5E /* FMDatabasePool.m in Sources */ = {isa = PBXBuildFile; fileRef = 08554AF617999598009AFE5E /* FMDatabasePool.m */; };
		08554AFF17999598009AFE5E /* FMDatabaseQueue.m in Sources */ = {isa = PBXBuildFile; fileRef = 08554AF817999598009AFE5E /* FMDatabaseQueue.m */; };
		08554B0017999598009AFE5E /* FMResultSet.m in Sources */ = {isa = PBXBuildFile; fileRef = 08554AFA17999598009AFE5E /* FMResultSet.m */; };
		08554B0E17999698009AFE5E /* Reachability.m in Sources */ = {isa = PBXBuildFile; fileRef = 08554B0D17999698009AFE5E /* Reachability.m */; settings = {COMPILER_FLAGS = "-fno-objc-arc"; }; };
		08554B101799977B009AFE5E /* libz.dylib in Frameworks */ = {isa = PBXBuildFile; fileRef = 08554B0F1799977B009AFE5E /* libz.dylib */; };
		08554B1217999785009AFE5E /* libsqlite3.dylib in Frameworks */ = {isa = PBXBuildFile; fileRef = 08554B1117999785009AFE5E /* libsqlite3.dylib */; };
		08554B141799979C009AFE5E /* QuartzCore.framework in Frameworks */ = {isa = PBXBuildFile; fileRef = 08554B131799979C009AFE5E /* QuartzCore.framework */; };
		08554B1B1799A93C009AFE5E /* schema.sql in Resources */ = {isa = PBXBuildFile; fileRef = 08554B181799A93C009AFE5E /* schema.sql */; };
		08554B1C1799A93C009AFE5E /* BlackSample.png in Resources */ = {isa = PBXBuildFile; fileRef = 08554B1A1799A93C009AFE5E /* BlackSample.png */; };
		08554B1F1799AA1F009AFE5E /* BlueSample.jpg in Resources */ = {isa = PBXBuildFile; fileRef = 08554B1D1799AA1F009AFE5E /* BlueSample.jpg */; };
		08554B201799AA1F009AFE5E /* GreenSample.jpg in Resources */ = {isa = PBXBuildFile; fileRef = 08554B1E1799AA1F009AFE5E /* GreenSample.jpg */; };
		08627FFE1799BF870018E575 /* HSFAdditionalInformationViewController_iPhone.m in Sources */ = {isa = PBXBuildFile; fileRef = 08627FFD1799BF870018E575 /* HSFAdditionalInformationViewController_iPhone.m */; };
		086280021799BFEE0018E575 /* HSFCheckBox.m in Sources */ = {isa = PBXBuildFile; fileRef = 086280011799BFEE0018E575 /* HSFCheckBox.m */; };
		086280051799C2BD0018E575 /* HSFContact.m in Sources */ = {isa = PBXBuildFile; fileRef = 086280041799C2BD0018E575 /* HSFContact.m */; };
		086280071799C5800018E575 /* CheckBoxUnchecked.png in Resources */ = {isa = PBXBuildFile; fileRef = 086280061799C5800018E575 /* CheckBoxUnchecked.png */; };
		0862800A1799C7290018E575 /* HSFNetManager.m in Sources */ = {isa = PBXBuildFile; fileRef = 086280091799C7290018E575 /* HSFNetManager.m */; };
		0862800D1799D1680018E575 /* UIViewController+Extensions.m in Sources */ = {isa = PBXBuildFile; fileRef = 0862800C1799D1680018E575 /* UIViewController+Extensions.m */; };
		0862800F1799D84F0018E575 /* CheckBoxChecked.png in Resources */ = {isa = PBXBuildFile; fileRef = 0862800E1799D84F0018E575 /* CheckBoxChecked.png */; };
		086280121799DF840018E575 /* HSFAdditionalInfoComponentsView.m in Sources */ = {isa = PBXBuildFile; fileRef = 086280111799DF840018E575 /* HSFAdditionalInfoComponentsView.m */; };
		08D2ED8D179A01F400A9DB3C /* CameraButton.png in Resources */ = {isa = PBXBuildFile; fileRef = 08D2ED8C179A01F400A9DB3C /* CameraButton.png */; };
		08D2ED92179A15D000A9DB3C /* BackButton.png in Resources */ = {isa = PBXBuildFile; fileRef = 08D2ED90179A15D000A9DB3C /* BackButton.png */; };
		08D2ED93179A15D000A9DB3C /* NextButton.png in Resources */ = {isa = PBXBuildFile; fileRef = 08D2ED91179A15D000A9DB3C /* NextButton.png */; };
		08D2ED95179A15D500A9DB3C /* SubmitButton.png in Resources */ = {isa = PBXBuildFile; fileRef = 08D2ED94179A15D500A9DB3C /* SubmitButton.png */; };
		08E6318E179A1C2000174D4E /* InstructionsBariPhone.png in Resources */ = {isa = PBXBuildFile; fileRef = 08E6318D179A1C2000174D4E /* InstructionsBariPhone.png */; };
		08E63190179A1C2E00174D4E /* InstructionsBariPad.png in Resources */ = {isa = PBXBuildFile; fileRef = 08E6318F179A1C2E00174D4E /* InstructionsBariPad.png */; };
		08E63193179A20F200174D4E /* TitleBariPad.png in Resources */ = {isa = PBXBuildFile; fileRef = 08E63191179A20F200174D4E /* TitleBariPad.png */; };
		08E63194179A20F200174D4E /* TitleBariPhone.png in Resources */ = {isa = PBXBuildFile; fileRef = 08E63192179A20F200174D4E /* TitleBariPhone.png */; };
		08E63196179A419500174D4E /* SystemConfiguration.framework in Frameworks */ = {isa = PBXBuildFile; fileRef = 08E63195179A419500174D4E /* SystemConfiguration.framework */; };
		08E63198179A419B00174D4E /* Security.framework in Frameworks */ = {isa = PBXBuildFile; fileRef = 08E63197179A419B00174D4E /* Security.framework */; };
		08E6319A179A41A600174D4E /* MobileCoreServices.framework in Frameworks */ = {isa = PBXBuildFile; fileRef = 08E63199179A41A600174D4E /* MobileCoreServices.framework */; };
		08E6319C179A41AF00174D4E /* MessageUI.framework in Frameworks */ = {isa = PBXBuildFile; fileRef = 08E6319B179A41AF00174D4E /* MessageUI.framework */; };
		08E6319E179A41BF00174D4E /* CoreData.framework in Frameworks */ = {isa = PBXBuildFile; fileRef = 08E6319D179A41BF00174D4E /* CoreData.framework */; };
		08E631A0179A420400174D4E /* Settings.bundle in Resources */ = {isa = PBXBuildFile; fileRef = 08E6319F179A420400174D4E /* Settings.bundle */; };
		08E631A2179A420900174D4E /* SalesforceSDKResources.bundle in Resources */ = {isa = PBXBuildFile; fileRef = 08E631A1179A420900174D4E /* SalesforceSDKResources.bundle */; };
		08E631A4179A424800174D4E /* libxml2.dylib in Frameworks */ = {isa = PBXBuildFile; fileRef = 08E631A3179A424800174D4E /* libxml2.dylib */; };
		08E631A6179A425A00174D4E /* libssl.a in Frameworks */ = {isa = PBXBuildFile; fileRef = 08E631A5179A425A00174D4E /* libssl.a */; };
		08E631AA179A45D000174D4E /* HSFDatabasController.m in Sources */ = {isa = PBXBuildFile; fileRef = 08E631A9179A45D000174D4E /* HSFDatabasController.m */; };
		08E631AD179A4AC600174D4E /* NSDate+Extensions.m in Sources */ = {isa = PBXBuildFile; fileRef = 08E631AC179A4AC600174D4E /* NSDate+Extensions.m */; };
		08E631AF179A4F9000174D4E /* contactDB.sqlite3 in Resources */ = {isa = PBXBuildFile; fileRef = 08E631AE179A4F9000174D4E /* contactDB.sqlite3 */; };
		08E631B4179A56CD00174D4E /* CHCSVParser.m in Sources */ = {isa = PBXBuildFile; fileRef = 08E631B3179A56CD00174D4E /* CHCSVParser.m */; };
		08E6332B179A767400174D4E /* Tesseract.mm in Sources */ = {isa = PBXBuildFile; fileRef = 08E63287179A767400174D4E /* Tesseract.mm */; };
		08E6332C179A767400174D4E /* LICENSE in Resources */ = {isa = PBXBuildFile; fileRef = 08E63288179A767400174D4E /* LICENSE */; };
		08E6332D179A767400174D4E /* README.md in Resources */ = {isa = PBXBuildFile; fileRef = 08E63289179A767400174D4E /* README.md */; };
		08E6332E179A767400174D4E /* .gitignore in Resources */ = {isa = PBXBuildFile; fileRef = 08E6328B179A767400174D4E /* .gitignore */; };
		08E6332F179A767400174D4E /* liblept.a in Frameworks */ = {isa = PBXBuildFile; fileRef = 08E6331F179A767400174D4E /* liblept.a */; };
		08E63330179A767400174D4E /* libtesseract_all.a in Frameworks */ = {isa = PBXBuildFile; fileRef = 08E63320179A767400174D4E /* libtesseract_all.a */; };
		08E63331179A767400174D4E /* README.md in Resources */ = {isa = PBXBuildFile; fileRef = 08E63321179A767400174D4E /* README.md */; };
		08E63334179A77E200174D4E /* image_sample.jpg in Resources */ = {isa = PBXBuildFile; fileRef = 08E63333179A77E200174D4E /* image_sample.jpg */; };
		08E63336179A7AF700174D4E /* Sample_Business_Card.gif in Resources */ = {isa = PBXBuildFile; fileRef = 08E63335179A7AF700174D4E /* Sample_Business_Card.gif */; };
/* End PBXBuildFile section */

/* Begin PBXContainerItemProxy section */
		08554AC8179990D4009AFE5E /* PBXContainerItemProxy */ = {
			isa = PBXContainerItemProxy;
			containerPortal = 08554A97179990D4009AFE5E /* Project object */;
			proxyType = 1;
			remoteGlobalIDString = 08554A9E179990D4009AFE5E;
			remoteInfo = OnTheGoReg;
		};
/* End PBXContainerItemProxy section */

/* Begin PBXFileReference section */
		08554A9F179990D4009AFE5E /* OnTheGoReg.app */ = {isa = PBXFileReference; explicitFileType = wrapper.application; includeInIndex = 0; path = OnTheGoReg.app; sourceTree = BUILT_PRODUCTS_DIR; };
		08554AA2179990D4009AFE5E /* Foundation.framework */ = {isa = PBXFileReference; lastKnownFileType = wrapper.framework; name = Foundation.framework; path = System/Library/Frameworks/Foundation.framework; sourceTree = SDKROOT; };
		08554AA4179990D4009AFE5E /* CoreGraphics.framework */ = {isa = PBXFileReference; lastKnownFileType = wrapper.framework; name = CoreGraphics.framework; path = System/Library/Frameworks/CoreGraphics.framework; sourceTree = SDKROOT; };
		08554AA6179990D4009AFE5E /* UIKit.framework */ = {isa = PBXFileReference; lastKnownFileType = wrapper.framework; name = UIKit.framework; path = System/Library/Frameworks/UIKit.framework; sourceTree = SDKROOT; };
		08554AAA179990D4009AFE5E /* OnTheGoReg-Info.plist */ = {isa = PBXFileReference; lastKnownFileType = text.plist.xml; path = "OnTheGoReg-Info.plist"; sourceTree = "<group>"; };
		08554AAC179990D4009AFE5E /* en */ = {isa = PBXFileReference; lastKnownFileType = text.plist.strings; name = en; path = en.lproj/InfoPlist.strings; sourceTree = "<group>"; };
		08554AAE179990D4009AFE5E /* main.m */ = {isa = PBXFileReference; lastKnownFileType = sourcecode.c.objc; path = main.m; sourceTree = "<group>"; };
		08554AB0179990D4009AFE5E /* OnTheGoReg-Prefix.pch */ = {isa = PBXFileReference; lastKnownFileType = sourcecode.c.h; path = "OnTheGoReg-Prefix.pch"; sourceTree = "<group>"; };
		08554AB1179990D4009AFE5E /* HSFAppDelegate.h */ = {isa = PBXFileReference; lastKnownFileType = sourcecode.c.h; path = HSFAppDelegate.h; sourceTree = "<group>"; };
		08554AB2179990D4009AFE5E /* HSFAppDelegate.m */ = {isa = PBXFileReference; lastKnownFileType = sourcecode.c.objc; path = HSFAppDelegate.m; sourceTree = "<group>"; };
		08554AB5179990D4009AFE5E /* Base */ = {isa = PBXFileReference; lastKnownFileType = file.storyboard; name = Base; path = Base.lproj/Main_iPhone.storyboard; sourceTree = "<group>"; };
		08554AB8179990D4009AFE5E /* Base */ = {isa = PBXFileReference; lastKnownFileType = file.storyboard; name = Base; path = Base.lproj/Main_iPad.storyboard; sourceTree = "<group>"; };
		08554ABA179990D4009AFE5E /* HSFContactViewController.h */ = {isa = PBXFileReference; lastKnownFileType = sourcecode.c.h; path = HSFContactViewController.h; sourceTree = "<group>"; };
		08554ABB179990D4009AFE5E /* HSFContactViewController.m */ = {isa = PBXFileReference; lastKnownFileType = sourcecode.c.objc; path = HSFContactViewController.m; sourceTree = "<group>"; };
		08554ABD179990D4009AFE5E /* Images.xcassets */ = {isa = PBXFileReference; lastKnownFileType = folder.assetcatalog; path = Images.xcassets; sourceTree = "<group>"; };
		08554AC3179990D4009AFE5E /* OnTheGoRegTests.xctest */ = {isa = PBXFileReference; explicitFileType = wrapper.cfbundle; includeInIndex = 0; path = OnTheGoRegTests.xctest; sourceTree = BUILT_PRODUCTS_DIR; };
		08554AC4179990D4009AFE5E /* XCTest.framework */ = {isa = PBXFileReference; lastKnownFileType = wrapper.framework; name = XCTest.framework; path = Library/Frameworks/XCTest.framework; sourceTree = DEVELOPER_DIR; };
		08554ACC179990D4009AFE5E /* OnTheGoRegTests-Info.plist */ = {isa = PBXFileReference; lastKnownFileType = text.plist.xml; path = "OnTheGoRegTests-Info.plist"; sourceTree = "<group>"; };
		08554ACE179990D4009AFE5E /* en */ = {isa = PBXFileReference; lastKnownFileType = text.plist.strings; name = en; path = en.lproj/InfoPlist.strings; sourceTree = "<group>"; };
		08554AD0179990D4009AFE5E /* OnTheGoRegTests.m */ = {isa = PBXFileReference; lastKnownFileType = sourcecode.c.objc; path = OnTheGoRegTests.m; sourceTree = "<group>"; };
		08554AF117999598009AFE5E /* FMDatabase.h */ = {isa = PBXFileReference; fileEncoding = 4; lastKnownFileType = sourcecode.c.h; path = FMDatabase.h; sourceTree = "<group>"; };
		08554AF217999598009AFE5E /* FMDatabase.m */ = {isa = PBXFileReference; fileEncoding = 4; lastKnownFileType = sourcecode.c.objc; path = FMDatabase.m; sourceTree = "<group>"; };
		08554AF317999598009AFE5E /* FMDatabaseAdditions.h */ = {isa = PBXFileReference; fileEncoding = 4; lastKnownFileType = sourcecode.c.h; path = FMDatabaseAdditions.h; sourceTree = "<group>"; };
		08554AF417999598009AFE5E /* FMDatabaseAdditions.m */ = {isa = PBXFileReference; fileEncoding = 4; lastKnownFileType = sourcecode.c.objc; path = FMDatabaseAdditions.m; sourceTree = "<group>"; };
		08554AF517999598009AFE5E /* FMDatabasePool.h */ = {isa = PBXFileReference; fileEncoding = 4; lastKnownFileType = sourcecode.c.h; path = FMDatabasePool.h; sourceTree = "<group>"; };
		08554AF617999598009AFE5E /* FMDatabasePool.m */ = {isa = PBXFileReference; fileEncoding = 4; lastKnownFileType = sourcecode.c.objc; path = FMDatabasePool.m; sourceTree = "<group>"; };
		08554AF717999598009AFE5E /* FMDatabaseQueue.h */ = {isa = PBXFileReference; fileEncoding = 4; lastKnownFileType = sourcecode.c.h; path = FMDatabaseQueue.h; sourceTree = "<group>"; };
		08554AF817999598009AFE5E /* FMDatabaseQueue.m */ = {isa = PBXFileReference; fileEncoding = 4; lastKnownFileType = sourcecode.c.objc; path = FMDatabaseQueue.m; sourceTree = "<group>"; };
		08554AF917999598009AFE5E /* FMResultSet.h */ = {isa = PBXFileReference; fileEncoding = 4; lastKnownFileType = sourcecode.c.h; path = FMResultSet.h; sourceTree = "<group>"; };
		08554AFA17999598009AFE5E /* FMResultSet.m */ = {isa = PBXFileReference; fileEncoding = 4; lastKnownFileType = sourcecode.c.objc; path = FMResultSet.m; sourceTree = "<group>"; };
		08554B04179995B7009AFE5E /* Logging.h */ = {isa = PBXFileReference; fileEncoding = 4; lastKnownFileType = sourcecode.c.h; path = Logging.h; sourceTree = "<group>"; };
		08554B0917999654009AFE5E /* HSFControls.h */ = {isa = PBXFileReference; fileEncoding = 4; lastKnownFileType = sourcecode.c.h; path = HSFControls.h; sourceTree = "<group>"; };
		08554B0A17999654009AFE5E /* HSFDefinitions.h */ = {isa = PBXFileReference; fileEncoding = 4; lastKnownFileType = sourcecode.c.h; path = HSFDefinitions.h; sourceTree = "<group>"; };
		08554B0C17999698009AFE5E /* Reachability.h */ = {isa = PBXFileReference; fileEncoding = 4; lastKnownFileType = sourcecode.c.h; path = Reachability.h; sourceTree = "<group>"; };
		08554B0D17999698009AFE5E /* Reachability.m */ = {isa = PBXFileReference; fileEncoding = 4; lastKnownFileType = sourcecode.c.objc; path = Reachability.m; sourceTree = "<group>"; };
		08554B0F1799977B009AFE5E /* libz.dylib */ = {isa = PBXFileReference; lastKnownFileType = "compiled.mach-o.dylib"; name = libz.dylib; path = usr/lib/libz.dylib; sourceTree = SDKROOT; };
		08554B1117999785009AFE5E /* libsqlite3.dylib */ = {isa = PBXFileReference; lastKnownFileType = "compiled.mach-o.dylib"; name = libsqlite3.dylib; path = usr/lib/libsqlite3.dylib; sourceTree = SDKROOT; };
		08554B131799979C009AFE5E /* QuartzCore.framework */ = {isa = PBXFileReference; lastKnownFileType = wrapper.framework; name = QuartzCore.framework; path = System/Library/Frameworks/QuartzCore.framework; sourceTree = SDKROOT; };
		08554B181799A93C009AFE5E /* schema.sql */ = {isa = PBXFileReference; fileEncoding = 4; lastKnownFileType = text; path = schema.sql; sourceTree = "<group>"; };
		08554B1A1799A93C009AFE5E /* BlackSample.png */ = {isa = PBXFileReference; lastKnownFileType = image.png; path = BlackSample.png; sourceTree = "<group>"; };
		08554B1D1799AA1F009AFE5E /* BlueSample.jpg */ = {isa = PBXFileReference; lastKnownFileType = image.jpeg; path = BlueSample.jpg; sourceTree = "<group>"; };
		08554B1E1799AA1F009AFE5E /* GreenSample.jpg */ = {isa = PBXFileReference; lastKnownFileType = image.jpeg; path = GreenSample.jpg; sourceTree = "<group>"; };
		08627FFC1799BF870018E575 /* HSFAdditionalInformationViewController_iPhone.h */ = {isa = PBXFileReference; fileEncoding = 4; lastKnownFileType = sourcecode.c.h; path = HSFAdditionalInformationViewController_iPhone.h; sourceTree = "<group>"; };
		08627FFD1799BF870018E575 /* HSFAdditionalInformationViewController_iPhone.m */ = {isa = PBXFileReference; fileEncoding = 4; lastKnownFileType = sourcecode.c.objc; path = HSFAdditionalInformationViewController_iPhone.m; sourceTree = "<group>"; };
		086280001799BFEE0018E575 /* HSFCheckBox.h */ = {isa = PBXFileReference; fileEncoding = 4; lastKnownFileType = sourcecode.c.h; name = HSFCheckBox.h; path = Utilities/UI/HSFCheckBox.h; sourceTree = "<group>"; };
		086280011799BFEE0018E575 /* HSFCheckBox.m */ = {isa = PBXFileReference; fileEncoding = 4; lastKnownFileType = sourcecode.c.objc; name = HSFCheckBox.m; path = Utilities/UI/HSFCheckBox.m; sourceTree = "<group>"; };
		086280031799C2BD0018E575 /* HSFContact.h */ = {isa = PBXFileReference; fileEncoding = 4; lastKnownFileType = sourcecode.c.h; path = HSFContact.h; sourceTree = "<group>"; };
		086280041799C2BD0018E575 /* HSFContact.m */ = {isa = PBXFileReference; fileEncoding = 4; lastKnownFileType = sourcecode.c.objc; path = HSFContact.m; sourceTree = "<group>"; };
		086280061799C5800018E575 /* CheckBoxUnchecked.png */ = {isa = PBXFileReference; lastKnownFileType = image.png; path = CheckBoxUnchecked.png; sourceTree = "<group>"; };
		086280081799C7290018E575 /* HSFNetManager.h */ = {isa = PBXFileReference; fileEncoding = 4; lastKnownFileType = sourcecode.c.h; path = HSFNetManager.h; sourceTree = "<group>"; };
		086280091799C7290018E575 /* HSFNetManager.m */ = {isa = PBXFileReference; fileEncoding = 4; lastKnownFileType = sourcecode.c.objc; path = HSFNetManager.m; sourceTree = "<group>"; };
		0862800B1799D1680018E575 /* UIViewController+Extensions.h */ = {isa = PBXFileReference; fileEncoding = 4; lastKnownFileType = sourcecode.c.h; name = "UIViewController+Extensions.h"; path = "Utilities/UIViewController+Extensions.h"; sourceTree = "<group>"; };
		0862800C1799D1680018E575 /* UIViewController+Extensions.m */ = {isa = PBXFileReference; fileEncoding = 4; lastKnownFileType = sourcecode.c.objc; name = "UIViewController+Extensions.m"; path = "Utilities/UIViewController+Extensions.m"; sourceTree = "<group>"; };
		0862800E1799D84F0018E575 /* CheckBoxChecked.png */ = {isa = PBXFileReference; lastKnownFileType = image.png; path = CheckBoxChecked.png; sourceTree = "<group>"; };
		086280101799DF840018E575 /* HSFAdditionalInfoComponentsView.h */ = {isa = PBXFileReference; fileEncoding = 4; lastKnownFileType = sourcecode.c.h; path = HSFAdditionalInfoComponentsView.h; sourceTree = "<group>"; };
		086280111799DF840018E575 /* HSFAdditionalInfoComponentsView.m */ = {isa = PBXFileReference; fileEncoding = 4; lastKnownFileType = sourcecode.c.objc; path = HSFAdditionalInfoComponentsView.m; sourceTree = "<group>"; };
		08D2ED8C179A01F400A9DB3C /* CameraButton.png */ = {isa = PBXFileReference; lastKnownFileType = image.png; path = CameraButton.png; sourceTree = "<group>"; };
		08D2ED90179A15D000A9DB3C /* BackButton.png */ = {isa = PBXFileReference; lastKnownFileType = image.png; path = BackButton.png; sourceTree = "<group>"; };
		08D2ED91179A15D000A9DB3C /* NextButton.png */ = {isa = PBXFileReference; lastKnownFileType = image.png; path = NextButton.png; sourceTree = "<group>"; };
		08D2ED94179A15D500A9DB3C /* SubmitButton.png */ = {isa = PBXFileReference; lastKnownFileType = image.png; path = SubmitButton.png; sourceTree = "<group>"; };
		08E6318D179A1C2000174D4E /* InstructionsBariPhone.png */ = {isa = PBXFileReference; lastKnownFileType = image.png; path = InstructionsBariPhone.png; sourceTree = "<group>"; };
		08E6318F179A1C2E00174D4E /* InstructionsBariPad.png */ = {isa = PBXFileReference; lastKnownFileType = image.png; path = InstructionsBariPad.png; sourceTree = "<group>"; };
		08E63191179A20F200174D4E /* TitleBariPad.png */ = {isa = PBXFileReference; lastKnownFileType = image.png; path = TitleBariPad.png; sourceTree = "<group>"; };
		08E63192179A20F200174D4E /* TitleBariPhone.png */ = {isa = PBXFileReference; lastKnownFileType = image.png; path = TitleBariPhone.png; sourceTree = "<group>"; };
		08E63195179A419500174D4E /* SystemConfiguration.framework */ = {isa = PBXFileReference; lastKnownFileType = wrapper.framework; name = SystemConfiguration.framework; path = System/Library/Frameworks/SystemConfiguration.framework; sourceTree = SDKROOT; };
		08E63197179A419B00174D4E /* Security.framework */ = {isa = PBXFileReference; lastKnownFileType = wrapper.framework; name = Security.framework; path = System/Library/Frameworks/Security.framework; sourceTree = SDKROOT; };
		08E63199179A41A600174D4E /* MobileCoreServices.framework */ = {isa = PBXFileReference; lastKnownFileType = wrapper.framework; name = MobileCoreServices.framework; path = System/Library/Frameworks/MobileCoreServices.framework; sourceTree = SDKROOT; };
		08E6319B179A41AF00174D4E /* MessageUI.framework */ = {isa = PBXFileReference; lastKnownFileType = wrapper.framework; name = MessageUI.framework; path = System/Library/Frameworks/MessageUI.framework; sourceTree = SDKROOT; };
		08E6319D179A41BF00174D4E /* CoreData.framework */ = {isa = PBXFileReference; lastKnownFileType = wrapper.framework; name = CoreData.framework; path = System/Library/Frameworks/CoreData.framework; sourceTree = SDKROOT; };
		08E6319F179A420400174D4E /* Settings.bundle */ = {isa = PBXFileReference; lastKnownFileType = "wrapper.plug-in"; path = Settings.bundle; sourceTree = "<group>"; };
		08E631A1179A420900174D4E /* SalesforceSDKResources.bundle */ = {isa = PBXFileReference; lastKnownFileType = "wrapper.plug-in"; path = SalesforceSDKResources.bundle; sourceTree = "<group>"; };
		08E631A3179A424800174D4E /* libxml2.dylib */ = {isa = PBXFileReference; lastKnownFileType = "compiled.mach-o.dylib"; name = libxml2.dylib; path = usr/lib/libxml2.dylib; sourceTree = SDKROOT; };
		08E631A5179A425A00174D4E /* libssl.a */ = {isa = PBXFileReference; lastKnownFileType = archive.ar; name = libssl.a; path = "../../../Desktop/SalesforceMobileSDK-iOS/external/ThirdPartyDependencies/openssl/libssl.a"; sourceTree = "<group>"; };
		08E631A8179A45D000174D4E /* HSFDatabasController.h */ = {isa = PBXFileReference; fileEncoding = 4; lastKnownFileType = sourcecode.c.h; path = HSFDatabasController.h; sourceTree = "<group>"; };
		08E631A9179A45D000174D4E /* HSFDatabasController.m */ = {isa = PBXFileReference; fileEncoding = 4; lastKnownFileType = sourcecode.c.objc; path = HSFDatabasController.m; sourceTree = "<group>"; };
		08E631AB179A4AC600174D4E /* NSDate+Extensions.h */ = {isa = PBXFileReference; fileEncoding = 4; lastKnownFileType = sourcecode.c.h; name = "NSDate+Extensions.h"; path = "Utilities/NSDate+Extensions.h"; sourceTree = "<group>"; };
		08E631AC179A4AC600174D4E /* NSDate+Extensions.m */ = {isa = PBXFileReference; fileEncoding = 4; lastKnownFileType = sourcecode.c.objc; name = "NSDate+Extensions.m"; path = "Utilities/NSDate+Extensions.m"; sourceTree = "<group>"; };
		08E631AE179A4F9000174D4E /* contactDB.sqlite3 */ = {isa = PBXFileReference; lastKnownFileType = file; path = contactDB.sqlite3; sourceTree = "<group>"; };
		08E631B2179A56CD00174D4E /* CHCSVParser.h */ = {isa = PBXFileReference; fileEncoding = 4; lastKnownFileType = sourcecode.c.h; path = CHCSVParser.h; sourceTree = "<group>"; };
		08E631B3179A56CD00174D4E /* CHCSVParser.m */ = {isa = PBXFileReference; fileEncoding = 4; lastKnownFileType = sourcecode.c.objc; path = CHCSVParser.m; sourceTree = "<group>"; };
		08E63286179A767400174D4E /* Tesseract.h */ = {isa = PBXFileReference; fileEncoding = 4; lastKnownFileType = sourcecode.c.h; path = Tesseract.h; sourceTree = "<group>"; };
		08E63287179A767400174D4E /* Tesseract.mm */ = {isa = PBXFileReference; fileEncoding = 4; lastKnownFileType = sourcecode.cpp.objcpp; path = Tesseract.mm; sourceTree = "<group>"; };
		08E63288179A767400174D4E /* LICENSE */ = {isa = PBXFileReference; fileEncoding = 4; lastKnownFileType = text; path = LICENSE; sourceTree = "<group>"; };
		08E63289179A767400174D4E /* README.md */ = {isa = PBXFileReference; fileEncoding = 4; lastKnownFileType = text; path = README.md; sourceTree = "<group>"; };
		08E6328B179A767400174D4E /* .gitignore */ = {isa = PBXFileReference; fileEncoding = 4; lastKnownFileType = text; path = .gitignore; sourceTree = "<group>"; };
		08E6328E179A767400174D4E /* allheaders.h */ = {isa = PBXFileReference; fileEncoding = 4; lastKnownFileType = sourcecode.c.h; path = allheaders.h; sourceTree = "<group>"; };
		08E6328F179A767400174D4E /* alltypes.h */ = {isa = PBXFileReference; fileEncoding = 4; lastKnownFileType = sourcecode.c.h; path = alltypes.h; sourceTree = "<group>"; };
		08E63290179A767400174D4E /* array.h */ = {isa = PBXFileReference; fileEncoding = 4; lastKnownFileType = sourcecode.c.h; path = array.h; sourceTree = "<group>"; };
		08E63291179A767400174D4E /* arrayaccess.h */ = {isa = PBXFileReference; fileEncoding = 4; lastKnownFileType = sourcecode.c.h; path = arrayaccess.h; sourceTree = "<group>"; };
		08E63292179A767400174D4E /* bbuffer.h */ = {isa = PBXFileReference; fileEncoding = 4; lastKnownFileType = sourcecode.c.h; path = bbuffer.h; sourceTree = "<group>"; };
		08E63293179A767400174D4E /* bmf.h */ = {isa = PBXFileReference; fileEncoding = 4; lastKnownFileType = sourcecode.c.h; path = bmf.h; sourceTree = "<group>"; };
		08E63294179A767400174D4E /* bmp.h */ = {isa = PBXFileReference; fileEncoding = 4; lastKnownFileType = sourcecode.c.h; path = bmp.h; sourceTree = "<group>"; };
		08E63295179A767400174D4E /* ccbord.h */ = {isa = PBXFileReference; fileEncoding = 4; lastKnownFileType = sourcecode.c.h; path = ccbord.h; sourceTree = "<group>"; };
		08E63296179A767400174D4E /* dewarp.h */ = {isa = PBXFileReference; fileEncoding = 4; lastKnownFileType = sourcecode.c.h; path = dewarp.h; sourceTree = "<group>"; };
		08E63297179A767400174D4E /* endianness.h */ = {isa = PBXFileReference; fileEncoding = 4; lastKnownFileType = sourcecode.c.h; path = endianness.h; sourceTree = "<group>"; };
		08E63298179A767400174D4E /* environ.h */ = {isa = PBXFileReference; fileEncoding = 4; lastKnownFileType = sourcecode.c.h; path = environ.h; sourceTree = "<group>"; };
		08E63299179A767400174D4E /* freetype.h */ = {isa = PBXFileReference; fileEncoding = 4; lastKnownFileType = sourcecode.c.h; path = freetype.h; sourceTree = "<group>"; };
		08E6329A179A767400174D4E /* gplot.h */ = {isa = PBXFileReference; fileEncoding = 4; lastKnownFileType = sourcecode.c.h; path = gplot.h; sourceTree = "<group>"; };
		08E6329B179A767400174D4E /* heap.h */ = {isa = PBXFileReference; fileEncoding = 4; lastKnownFileType = sourcecode.c.h; path = heap.h; sourceTree = "<group>"; };
		08E6329C179A767400174D4E /* imageio.h */ = {isa = PBXFileReference; fileEncoding = 4; lastKnownFileType = sourcecode.c.h; path = imageio.h; sourceTree = "<group>"; };
		08E6329D179A767400174D4E /* jbclass.h */ = {isa = PBXFileReference; fileEncoding = 4; lastKnownFileType = sourcecode.c.h; path = jbclass.h; sourceTree = "<group>"; };
		08E6329E179A767400174D4E /* leptwin.h */ = {isa = PBXFileReference; fileEncoding = 4; lastKnownFileType = sourcecode.c.h; path = leptwin.h; sourceTree = "<group>"; };
		08E6329F179A767400174D4E /* list.h */ = {isa = PBXFileReference; fileEncoding = 4; lastKnownFileType = sourcecode.c.h; path = list.h; sourceTree = "<group>"; };
		08E632A0179A767400174D4E /* morph.h */ = {isa = PBXFileReference; fileEncoding = 4; lastKnownFileType = sourcecode.c.h; path = morph.h; sourceTree = "<group>"; };
		08E632A1179A767400174D4E /* pix.h */ = {isa = PBXFileReference; fileEncoding = 4; lastKnownFileType = sourcecode.c.h; path = pix.h; sourceTree = "<group>"; };
		08E632A2179A767400174D4E /* ptra.h */ = {isa = PBXFileReference; fileEncoding = 4; lastKnownFileType = sourcecode.c.h; path = ptra.h; sourceTree = "<group>"; };
		08E632A3179A767400174D4E /* queue.h */ = {isa = PBXFileReference; fileEncoding = 4; lastKnownFileType = sourcecode.c.h; path = queue.h; sourceTree = "<group>"; };
		08E632A4179A767400174D4E /* readbarcode.h */ = {isa = PBXFileReference; fileEncoding = 4; lastKnownFileType = sourcecode.c.h; path = readbarcode.h; sourceTree = "<group>"; };
		08E632A5179A767400174D4E /* regutils.h */ = {isa = PBXFileReference; fileEncoding = 4; lastKnownFileType = sourcecode.c.h; path = regutils.h; sourceTree = "<group>"; };
		08E632A6179A767400174D4E /* stack.h */ = {isa = PBXFileReference; fileEncoding = 4; lastKnownFileType = sourcecode.c.h; path = stack.h; sourceTree = "<group>"; };
		08E632A7179A767400174D4E /* sudoku.h */ = {isa = PBXFileReference; fileEncoding = 4; lastKnownFileType = sourcecode.c.h; path = sudoku.h; sourceTree = "<group>"; };
		08E632A8179A767400174D4E /* watershed.h */ = {isa = PBXFileReference; fileEncoding = 4; lastKnownFileType = sourcecode.c.h; path = watershed.h; sourceTree = "<group>"; };
		08E632AA179A767400174D4E /* ambigs.h */ = {isa = PBXFileReference; fileEncoding = 4; lastKnownFileType = sourcecode.c.h; path = ambigs.h; sourceTree = "<group>"; };
		08E632AB179A767400174D4E /* apitypes.h */ = {isa = PBXFileReference; fileEncoding = 4; lastKnownFileType = sourcecode.c.h; path = apitypes.h; sourceTree = "<group>"; };
		08E632AC179A767400174D4E /* baseapi.h */ = {isa = PBXFileReference; fileEncoding = 4; lastKnownFileType = sourcecode.c.h; path = baseapi.h; sourceTree = "<group>"; };
		08E632AD179A767400174D4E /* basedir.h */ = {isa = PBXFileReference; fileEncoding = 4; lastKnownFileType = sourcecode.c.h; path = basedir.h; sourceTree = "<group>"; };
		08E632AE179A767400174D4E /* bits16.h */ = {isa = PBXFileReference; fileEncoding = 4; lastKnownFileType = sourcecode.c.h; path = bits16.h; sourceTree = "<group>"; };
		08E632AF179A767400174D4E /* bitvector.h */ = {isa = PBXFileReference; fileEncoding = 4; lastKnownFileType = sourcecode.c.h; path = bitvector.h; sourceTree = "<group>"; };
		08E632B0179A767400174D4E /* blckerr.h */ = {isa = PBXFileReference; fileEncoding = 4; lastKnownFileType = sourcecode.c.h; path = blckerr.h; sourceTree = "<group>"; };
		08E632B1179A767400174D4E /* blobbox.h */ = {isa = PBXFileReference; fileEncoding = 4; lastKnownFileType = sourcecode.c.h; path = blobbox.h; sourceTree = "<group>"; };
		08E632B2179A767400174D4E /* blobs.h */ = {isa = PBXFileReference; fileEncoding = 4; lastKnownFileType = sourcecode.c.h; path = blobs.h; sourceTree = "<group>"; };
		08E632B3179A767400174D4E /* blread.h */ = {isa = PBXFileReference; fileEncoding = 4; lastKnownFileType = sourcecode.c.h; path = blread.h; sourceTree = "<group>"; };
		08E632B4179A767400174D4E /* boxread.h */ = {isa = PBXFileReference; fileEncoding = 4; lastKnownFileType = sourcecode.c.h; path = boxread.h; sourceTree = "<group>"; };
		08E632B5179A767400174D4E /* boxword.h */ = {isa = PBXFileReference; fileEncoding = 4; lastKnownFileType = sourcecode.c.h; path = boxword.h; sourceTree = "<group>"; };
		08E632B6179A767400174D4E /* capi.h */ = {isa = PBXFileReference; fileEncoding = 4; lastKnownFileType = sourcecode.c.h; path = capi.h; sourceTree = "<group>"; };
		08E632B7179A767400174D4E /* ccstruct.h */ = {isa = PBXFileReference; fileEncoding = 4; lastKnownFileType = sourcecode.c.h; path = ccstruct.h; sourceTree = "<group>"; };
		08E632B8179A767400174D4E /* ccutil.h */ = {isa = PBXFileReference; fileEncoding = 4; lastKnownFileType = sourcecode.c.h; path = ccutil.h; sourceTree = "<group>"; };
		08E632B9179A767400174D4E /* clst.h */ = {isa = PBXFileReference; fileEncoding = 4; lastKnownFileType = sourcecode.c.h; path = clst.h; sourceTree = "<group>"; };
		08E632BA179A767400174D4E /* control.h */ = {isa = PBXFileReference; fileEncoding = 4; lastKnownFileType = sourcecode.c.h; path = control.h; sourceTree = "<group>"; };
		08E632BB179A767400174D4E /* coutln.h */ = {isa = PBXFileReference; fileEncoding = 4; lastKnownFileType = sourcecode.c.h; path = coutln.h; sourceTree = "<group>"; };
		08E632BC179A767400174D4E /* crakedge.h */ = {isa = PBXFileReference; fileEncoding = 4; lastKnownFileType = sourcecode.c.h; path = crakedge.h; sourceTree = "<group>"; };
		08E632BD179A767400174D4E /* cube_reco_context.h */ = {isa = PBXFileReference; fileEncoding = 4; lastKnownFileType = sourcecode.c.h; path = cube_reco_context.h; sourceTree = "<group>"; };
		08E632BE179A767400174D4E /* cubeclassifier.h */ = {isa = PBXFileReference; fileEncoding = 4; lastKnownFileType = sourcecode.c.h; path = cubeclassifier.h; sourceTree = "<group>"; };
		08E632BF179A767400174D4E /* detlinefit.h */ = {isa = PBXFileReference; fileEncoding = 4; lastKnownFileType = sourcecode.c.h; path = detlinefit.h; sourceTree = "<group>"; };
		08E632C0179A767400174D4E /* docqual.h */ = {isa = PBXFileReference; fileEncoding = 4; lastKnownFileType = sourcecode.c.h; path = docqual.h; sourceTree = "<group>"; };
		08E632C1179A767400174D4E /* dppoint.h */ = {isa = PBXFileReference; fileEncoding = 4; lastKnownFileType = sourcecode.c.h; path = dppoint.h; sourceTree = "<group>"; };
		08E632C2179A767400174D4E /* elst.h */ = {isa = PBXFileReference; fileEncoding = 4; lastKnownFileType = sourcecode.c.h; path = elst.h; sourceTree = "<group>"; };
		08E632C3179A767400174D4E /* elst2.h */ = {isa = PBXFileReference; fileEncoding = 4; lastKnownFileType = sourcecode.c.h; path = elst2.h; sourceTree = "<group>"; };
		08E632C4179A767400174D4E /* equationdetect.h */ = {isa = PBXFileReference; fileEncoding = 4; lastKnownFileType = sourcecode.c.h; path = equationdetect.h; sourceTree = "<group>"; };
		08E632C5179A767400174D4E /* errcode.h */ = {isa = PBXFileReference; fileEncoding = 4; lastKnownFileType = sourcecode.c.h; path = errcode.h; sourceTree = "<group>"; };
		08E632C6179A767400174D4E /* fileerr.h */ = {isa = PBXFileReference; fileEncoding = 4; lastKnownFileType = sourcecode.c.h; path = fileerr.h; sourceTree = "<group>"; };
		08E632C7179A767400174D4E /* fixspace.h */ = {isa = PBXFileReference; fileEncoding = 4; lastKnownFileType = sourcecode.c.h; path = fixspace.h; sourceTree = "<group>"; };
		08E632C8179A767400174D4E /* fontinfo.h */ = {isa = PBXFileReference; fileEncoding = 4; lastKnownFileType = sourcecode.c.h; path = fontinfo.h; sourceTree = "<group>"; };
		08E632C9179A767400174D4E /* genblob.h */ = {isa = PBXFileReference; fileEncoding = 4; lastKnownFileType = sourcecode.c.h; path = genblob.h; sourceTree = "<group>"; };
		08E632CA179A767400174D4E /* genericvector.h */ = {isa = PBXFileReference; fileEncoding = 4; lastKnownFileType = sourcecode.c.h; path = genericvector.h; sourceTree = "<group>"; };
		08E632CB179A767400174D4E /* globaloc.h */ = {isa = PBXFileReference; fileEncoding = 4; lastKnownFileType = sourcecode.c.h; path = globaloc.h; sourceTree = "<group>"; };
		08E632CC179A767400174D4E /* hashfn.h */ = {isa = PBXFileReference; fileEncoding = 4; lastKnownFileType = sourcecode.c.h; path = hashfn.h; sourceTree = "<group>"; };
		08E632CD179A767400174D4E /* helpers.h */ = {isa = PBXFileReference; fileEncoding = 4; lastKnownFileType = sourcecode.c.h; path = helpers.h; sourceTree = "<group>"; };
		08E632CE179A767400174D4E /* host.h */ = {isa = PBXFileReference; fileEncoding = 4; lastKnownFileType = sourcecode.c.h; path = host.h; sourceTree = "<group>"; };
		08E632CF179A767400174D4E /* hosthplb.h */ = {isa = PBXFileReference; fileEncoding = 4; lastKnownFileType = sourcecode.c.h; path = hosthplb.h; sourceTree = "<group>"; };
		08E632D0179A767400174D4E /* hpddef.h */ = {isa = PBXFileReference; fileEncoding = 4; lastKnownFileType = sourcecode.c.h; path = hpddef.h; sourceTree = "<group>"; };
		08E632D1179A767400174D4E /* hpdsizes.h */ = {isa = PBXFileReference; fileEncoding = 4; lastKnownFileType = sourcecode.c.h; path = hpdsizes.h; sourceTree = "<group>"; };
		08E632D2179A767400174D4E /* imgscale.h */ = {isa = PBXFileReference; fileEncoding = 4; lastKnownFileType = sourcecode.c.h; path = imgscale.h; sourceTree = "<group>"; };
		08E632D3179A767400174D4E /* indexmapbidi.h */ = {isa = PBXFileReference; fileEncoding = 4; lastKnownFileType = sourcecode.c.h; path = indexmapbidi.h; sourceTree = "<group>"; };
		08E632D4179A767400174D4E /* ipoints.h */ = {isa = PBXFileReference; fileEncoding = 4; lastKnownFileType = sourcecode.c.h; path = ipoints.h; sourceTree = "<group>"; };
		08E632D5179A767400174D4E /* linlsq.h */ = {isa = PBXFileReference; fileEncoding = 4; lastKnownFileType = sourcecode.c.h; path = linlsq.h; sourceTree = "<group>"; };
		08E632D6179A767400174D4E /* lsterr.h */ = {isa = PBXFileReference; fileEncoding = 4; lastKnownFileType = sourcecode.c.h; path = lsterr.h; sourceTree = "<group>"; };
		08E632D7179A767400174D4E /* ltrresultiterator.h */ = {isa = PBXFileReference; fileEncoding = 4; lastKnownFileType = sourcecode.c.h; path = ltrresultiterator.h; sourceTree = "<group>"; };
		08E632D8179A767400174D4E /* matrix.h */ = {isa = PBXFileReference; fileEncoding = 4; lastKnownFileType = sourcecode.c.h; path = matrix.h; sourceTree = "<group>"; };
		08E632D9179A767400174D4E /* memry.h */ = {isa = PBXFileReference; fileEncoding = 4; lastKnownFileType = sourcecode.c.h; path = memry.h; sourceTree = "<group>"; };
		08E632DA179A767400174D4E /* mfcpch.h */ = {isa = PBXFileReference; fileEncoding = 4; lastKnownFileType = sourcecode.c.h; path = mfcpch.h; sourceTree = "<group>"; };
		08E632DB179A767400174D4E /* mod128.h */ = {isa = PBXFileReference; fileEncoding = 4; lastKnownFileType = sourcecode.c.h; path = mod128.h; sourceTree = "<group>"; };
		08E632DC179A767400174D4E /* mutableiterator.h */ = {isa = PBXFileReference; fileEncoding = 4; lastKnownFileType = sourcecode.c.h; path = mutableiterator.h; sourceTree = "<group>"; };
		08E632DD179A767400174D4E /* ndminx.h */ = {isa = PBXFileReference; fileEncoding = 4; lastKnownFileType = sourcecode.c.h; path = ndminx.h; sourceTree = "<group>"; };
		08E632DE179A767400174D4E /* normalis.h */ = {isa = PBXFileReference; fileEncoding = 4; lastKnownFileType = sourcecode.c.h; path = normalis.h; sourceTree = "<group>"; };
		08E632DF179A767400174D4E /* notdll.h */ = {isa = PBXFileReference; fileEncoding = 4; lastKnownFileType = sourcecode.c.h; path = notdll.h; sourceTree = "<group>"; };
		08E632E0179A767400174D4E /* nwmain.h */ = {isa = PBXFileReference; fileEncoding = 4; lastKnownFileType = sourcecode.c.h; path = nwmain.h; sourceTree = "<group>"; };
		08E632E1179A767400174D4E /* ocrblock.h */ = {isa = PBXFileReference; fileEncoding = 4; lastKnownFileType = sourcecode.c.h; path = ocrblock.h; sourceTree = "<group>"; };
		08E632E2179A767400174D4E /* ocrclass.h */ = {isa = PBXFileReference; fileEncoding = 4; lastKnownFileType = sourcecode.c.h; path = ocrclass.h; sourceTree = "<group>"; };
		08E632E3179A767400174D4E /* ocrpara.h */ = {isa = PBXFileReference; fileEncoding = 4; lastKnownFileType = sourcecode.c.h; path = ocrpara.h; sourceTree = "<group>"; };
		08E632E4179A767400174D4E /* ocrrow.h */ = {isa = PBXFileReference; fileEncoding = 4; lastKnownFileType = sourcecode.c.h; path = ocrrow.h; sourceTree = "<group>"; };
		08E632E5179A767400174D4E /* osdetect.h */ = {isa = PBXFileReference; fileEncoding = 4; lastKnownFileType = sourcecode.c.h; path = osdetect.h; sourceTree = "<group>"; };
		08E632E6179A767400174D4E /* otsuthr.h */ = {isa = PBXFileReference; fileEncoding = 4; lastKnownFileType = sourcecode.c.h; path = otsuthr.h; sourceTree = "<group>"; };
		08E632E7179A767400174D4E /* output.h */ = {isa = PBXFileReference; fileEncoding = 4; lastKnownFileType = sourcecode.c.h; path = output.h; sourceTree = "<group>"; };
		08E632E8179A767400174D4E /* pageiterator.h */ = {isa = PBXFileReference; fileEncoding = 4; lastKnownFileType = sourcecode.c.h; path = pageiterator.h; sourceTree = "<group>"; };
		08E632E9179A767400174D4E /* pageres.h */ = {isa = PBXFileReference; fileEncoding = 4; lastKnownFileType = sourcecode.c.h; path = pageres.h; sourceTree = "<group>"; };
		08E632EA179A767400174D4E /* paragraphs.h */ = {isa = PBXFileReference; fileEncoding = 4; lastKnownFileType = sourcecode.c.h; path = paragraphs.h; sourceTree = "<group>"; };
		08E632EB179A767400174D4E /* paragraphs_internal.h */ = {isa = PBXFileReference; fileEncoding = 4; lastKnownFileType = sourcecode.c.h; path = paragraphs_internal.h; sourceTree = "<group>"; };
		08E632EC179A767400174D4E /* params.h */ = {isa = PBXFileReference; fileEncoding = 4; lastKnownFileType = sourcecode.c.h; path = params.h; sourceTree = "<group>"; };
		08E632ED179A767400174D4E /* params_training_featdef.h */ = {isa = PBXFileReference; fileEncoding = 4; lastKnownFileType = sourcecode.c.h; path = params_training_featdef.h; sourceTree = "<group>"; };
		08E632EE179A767400174D4E /* paramsd.h */ = {isa = PBXFileReference; fileEncoding = 4; lastKnownFileType = sourcecode.c.h; path = paramsd.h; sourceTree = "<group>"; };
		08E632EF179A767400174D4E /* pdblock.h */ = {isa = PBXFileReference; fileEncoding = 4; lastKnownFileType = sourcecode.c.h; path = pdblock.h; sourceTree = "<group>"; };
		08E632F0179A767400174D4E /* pgedit.h */ = {isa = PBXFileReference; fileEncoding = 4; lastKnownFileType = sourcecode.c.h; path = pgedit.h; sourceTree = "<group>"; };
		08E632F1179A767400174D4E /* platform.h */ = {isa = PBXFileReference; fileEncoding = 4; lastKnownFileType = sourcecode.c.h; path = platform.h; sourceTree = "<group>"; };
		08E632F2179A767400174D4E /* points.h */ = {isa = PBXFileReference; fileEncoding = 4; lastKnownFileType = sourcecode.c.h; path = points.h; sourceTree = "<group>"; };
		08E632F3179A767400174D4E /* polyaprx.h */ = {isa = PBXFileReference; fileEncoding = 4; lastKnownFileType = sourcecode.c.h; path = polyaprx.h; sourceTree = "<group>"; };
		08E632F4179A767400174D4E /* polyblk.h */ = {isa = PBXFileReference; fileEncoding = 4; lastKnownFileType = sourcecode.c.h; path = polyblk.h; sourceTree = "<group>"; };
		08E632F5179A767400174D4E /* publictypes.h */ = {isa = PBXFileReference; fileEncoding = 4; lastKnownFileType = sourcecode.c.h; path = publictypes.h; sourceTree = "<group>"; };
		08E632F6179A767400174D4E /* qrsequence.h */ = {isa = PBXFileReference; fileEncoding = 4; lastKnownFileType = sourcecode.c.h; path = qrsequence.h; sourceTree = "<group>"; };
		08E632F7179A767400174D4E /* quadlsq.h */ = {isa = PBXFileReference; fileEncoding = 4; lastKnownFileType = sourcecode.c.h; path = quadlsq.h; sourceTree = "<group>"; };
		08E632F8179A767400174D4E /* quadratc.h */ = {isa = PBXFileReference; fileEncoding = 4; lastKnownFileType = sourcecode.c.h; path = quadratc.h; sourceTree = "<group>"; };
		08E632F9179A767400174D4E /* quspline.h */ = {isa = PBXFileReference; fileEncoding = 4; lastKnownFileType = sourcecode.c.h; path = quspline.h; sourceTree = "<group>"; };
		08E632FA179A767400174D4E /* ratngs.h */ = {isa = PBXFileReference; fileEncoding = 4; lastKnownFileType = sourcecode.c.h; path = ratngs.h; sourceTree = "<group>"; };
		08E632FB179A767400174D4E /* rect.h */ = {isa = PBXFileReference; fileEncoding = 4; lastKnownFileType = sourcecode.c.h; path = rect.h; sourceTree = "<group>"; };
		08E632FC179A767400174D4E /* rejctmap.h */ = {isa = PBXFileReference; fileEncoding = 4; lastKnownFileType = sourcecode.c.h; path = rejctmap.h; sourceTree = "<group>"; };
		08E632FD179A767400174D4E /* reject.h */ = {isa = PBXFileReference; fileEncoding = 4; lastKnownFileType = sourcecode.c.h; path = reject.h; sourceTree = "<group>"; };
		08E632FE179A767400174D4E /* resultiterator.h */ = {isa = PBXFileReference; fileEncoding = 4; lastKnownFileType = sourcecode.c.h; path = resultiterator.h; sourceTree = "<group>"; };
		08E632FF179A767400174D4E /* scaleimg.h */ = {isa = PBXFileReference; fileEncoding = 4; lastKnownFileType = sourcecode.c.h; path = scaleimg.h; sourceTree = "<group>"; };
		08E63300179A767400174D4E /* scanutils.h */ = {isa = PBXFileReference; fileEncoding = 4; lastKnownFileType = sourcecode.c.h; path = scanutils.h; sourceTree = "<group>"; };
		08E63301179A767400174D4E /* seam.h */ = {isa = PBXFileReference; fileEncoding = 4; lastKnownFileType = sourcecode.c.h; path = seam.h; sourceTree = "<group>"; };
		08E63302179A767400174D4E /* secname.h */ = {isa = PBXFileReference; fileEncoding = 4; lastKnownFileType = sourcecode.c.h; path = secname.h; sourceTree = "<group>"; };
		08E63303179A767400174D4E /* serialis.h */ = {isa = PBXFileReference; fileEncoding = 4; lastKnownFileType = sourcecode.c.h; path = serialis.h; sourceTree = "<group>"; };
		08E63304179A767400174D4E /* sorthelper.h */ = {isa = PBXFileReference; fileEncoding = 4; lastKnownFileType = sourcecode.c.h; path = sorthelper.h; sourceTree = "<group>"; };
		08E63305179A767400174D4E /* split.h */ = {isa = PBXFileReference; fileEncoding = 4; lastKnownFileType = sourcecode.c.h; path = split.h; sourceTree = "<group>"; };
		08E63306179A767400174D4E /* statistc.h */ = {isa = PBXFileReference; fileEncoding = 4; lastKnownFileType = sourcecode.c.h; path = statistc.h; sourceTree = "<group>"; };
		08E63307179A767400174D4E /* stderr.h */ = {isa = PBXFileReference; fileEncoding = 4; lastKnownFileType = sourcecode.c.h; path = stderr.h; sourceTree = "<group>"; };
		08E63308179A767400174D4E /* stepblob.h */ = {isa = PBXFileReference; fileEncoding = 4; lastKnownFileType = sourcecode.c.h; path = stepblob.h; sourceTree = "<group>"; };
		08E63309179A767400174D4E /* strngs.h */ = {isa = PBXFileReference; fileEncoding = 4; lastKnownFileType = sourcecode.c.h; path = strngs.h; sourceTree = "<group>"; };
		08E6330A179A767400174D4E /* tessbox.h */ = {isa = PBXFileReference; fileEncoding = 4; lastKnownFileType = sourcecode.c.h; path = tessbox.h; sourceTree = "<group>"; };
		08E6330B179A767400174D4E /* tesscallback.h */ = {isa = PBXFileReference; fileEncoding = 4; lastKnownFileType = sourcecode.c.h; path = tesscallback.h; sourceTree = "<group>"; };
		08E6330C179A767400174D4E /* tessdatamanager.h */ = {isa = PBXFileReference; fileEncoding = 4; lastKnownFileType = sourcecode.c.h; path = tessdatamanager.h; sourceTree = "<group>"; };
		08E6330D179A767400174D4E /* tessedit.h */ = {isa = PBXFileReference; fileEncoding = 4; lastKnownFileType = sourcecode.c.h; path = tessedit.h; sourceTree = "<group>"; };
		08E6330E179A767400174D4E /* tesseract_cube_combiner.h */ = {isa = PBXFileReference; fileEncoding = 4; lastKnownFileType = sourcecode.c.h; path = tesseract_cube_combiner.h; sourceTree = "<group>"; };
		08E6330F179A767400174D4E /* tesseractclass.h */ = {isa = PBXFileReference; fileEncoding = 4; lastKnownFileType = sourcecode.c.h; path = tesseractclass.h; sourceTree = "<group>"; };
		08E63310179A767400174D4E /* tesseractmain.h */ = {isa = PBXFileReference; fileEncoding = 4; lastKnownFileType = sourcecode.c.h; path = tesseractmain.h; sourceTree = "<group>"; };
		08E63311179A767400174D4E /* tessvars.h */ = {isa = PBXFileReference; fileEncoding = 4; lastKnownFileType = sourcecode.c.h; path = tessvars.h; sourceTree = "<group>"; };
		08E63312179A767400174D4E /* tfacep.h */ = {isa = PBXFileReference; fileEncoding = 4; lastKnownFileType = sourcecode.c.h; path = tfacep.h; sourceTree = "<group>"; };
		08E63313179A767400174D4E /* tfacepp.h */ = {isa = PBXFileReference; fileEncoding = 4; lastKnownFileType = sourcecode.c.h; path = tfacepp.h; sourceTree = "<group>"; };
		08E63314179A767400174D4E /* thresholder.h */ = {isa = PBXFileReference; fileEncoding = 4; lastKnownFileType = sourcecode.c.h; path = thresholder.h; sourceTree = "<group>"; };
		08E63315179A767400174D4E /* tprintf.h */ = {isa = PBXFileReference; fileEncoding = 4; lastKnownFileType = sourcecode.c.h; path = tprintf.h; sourceTree = "<group>"; };
		08E63316179A767400174D4E /* unichar.h */ = {isa = PBXFileReference; fileEncoding = 4; lastKnownFileType = sourcecode.c.h; path = unichar.h; sourceTree = "<group>"; };
		08E63317179A767400174D4E /* unicharmap.h */ = {isa = PBXFileReference; fileEncoding = 4; lastKnownFileType = sourcecode.c.h; path = unicharmap.h; sourceTree = "<group>"; };
		08E63318179A767400174D4E /* unicharset.h */ = {isa = PBXFileReference; fileEncoding = 4; lastKnownFileType = sourcecode.c.h; path = unicharset.h; sourceTree = "<group>"; };
		08E63319179A767400174D4E /* unicity_table.h */ = {isa = PBXFileReference; fileEncoding = 4; lastKnownFileType = sourcecode.c.h; path = unicity_table.h; sourceTree = "<group>"; };
		08E6331A179A767400174D4E /* unicodes.h */ = {isa = PBXFileReference; fileEncoding = 4; lastKnownFileType = sourcecode.c.h; path = unicodes.h; sourceTree = "<group>"; };
		08E6331B179A767400174D4E /* vecfuncs.h */ = {isa = PBXFileReference; fileEncoding = 4; lastKnownFileType = sourcecode.c.h; path = vecfuncs.h; sourceTree = "<group>"; };
		08E6331C179A767400174D4E /* werd.h */ = {isa = PBXFileReference; fileEncoding = 4; lastKnownFileType = sourcecode.c.h; path = werd.h; sourceTree = "<group>"; };
		08E6331D179A767400174D4E /* werdit.h */ = {isa = PBXFileReference; fileEncoding = 4; lastKnownFileType = sourcecode.c.h; path = werdit.h; sourceTree = "<group>"; };
		08E6331F179A767400174D4E /* liblept.a */ = {isa = PBXFileReference; lastKnownFileType = archive.ar; path = liblept.a; sourceTree = "<group>"; };
		08E63320179A767400174D4E /* libtesseract_all.a */ = {isa = PBXFileReference; lastKnownFileType = archive.ar; path = libtesseract_all.a; sourceTree = "<group>"; };
		08E63321179A767400174D4E /* README.md */ = {isa = PBXFileReference; fileEncoding = 4; lastKnownFileType = text; path = README.md; sourceTree = "<group>"; };
		08E63332179A76FF00174D4E /* tessdata */ = {isa = PBXFileReference; lastKnownFileType = folder; name = tessdata; path = OnTheGoReg/Utilities/tessdata; sourceTree = "<group>"; };
		08E63333179A77E200174D4E /* image_sample.jpg */ = {isa = PBXFileReference; lastKnownFileType = image.jpeg; path = image_sample.jpg; sourceTree = "<group>"; };
		08E63335179A7AF700174D4E /* Sample_Business_Card.gif */ = {isa = PBXFileReference; lastKnownFileType = image.gif; path = Sample_Business_Card.gif; sourceTree = "<group>"; };
/* End PBXFileReference section */

/* Begin PBXFrameworksBuildPhase section */
		08554A9C179990D4009AFE5E /* Frameworks */ = {
			isa = PBXFrameworksBuildPhase;
			buildActionMask = 2147483647;
			files = (
				08E6332F179A767400174D4E /* liblept.a in Frameworks */,
				08E631A4179A424800174D4E /* libxml2.dylib in Frameworks */,
				08E63330179A767400174D4E /* libtesseract_all.a in Frameworks */,
				08E6319E179A41BF00174D4E /* CoreData.framework in Frameworks */,
				08554AA5179990D4009AFE5E /* CoreGraphics.framework in Frameworks */,
				08E6319C179A41AF00174D4E /* MessageUI.framework in Frameworks */,
				08E6319A179A41A600174D4E /* MobileCoreServices.framework in Frameworks */,
				08E63198179A419B00174D4E /* Security.framework in Frameworks */,
				08E63196179A419500174D4E /* SystemConfiguration.framework in Frameworks */,
				08554B1217999785009AFE5E /* libsqlite3.dylib in Frameworks */,
				08554B101799977B009AFE5E /* libz.dylib in Frameworks */,
				08554B141799979C009AFE5E /* QuartzCore.framework in Frameworks */,
				08554AA7179990D4009AFE5E /* UIKit.framework in Frameworks */,
				08554AA3179990D4009AFE5E /* Foundation.framework in Frameworks */,
				08E631A6179A425A00174D4E /* libssl.a in Frameworks */,
			);
			runOnlyForDeploymentPostprocessing = 0;
		};
		08554AC0179990D4009AFE5E /* Frameworks */ = {
			isa = PBXFrameworksBuildPhase;
			buildActionMask = 2147483647;
			files = (
				08554AC5179990D4009AFE5E /* XCTest.framework in Frameworks */,
				08554AC7179990D4009AFE5E /* UIKit.framework in Frameworks */,
				08554AC6179990D4009AFE5E /* Foundation.framework in Frameworks */,
			);
			runOnlyForDeploymentPostprocessing = 0;
		};
/* End PBXFrameworksBuildPhase section */

/* Begin PBXGroup section */
		08554A96179990D4009AFE5E = {
			isa = PBXGroup;
			children = (
				08554AA8179990D4009AFE5E /* OnTheGoReg */,
				08554ACA179990D4009AFE5E /* OnTheGoRegTests */,
				08554AEE17999589009AFE5E /* Resources */,
				08554AA1179990D4009AFE5E /* Frameworks */,
				08554AA0179990D4009AFE5E /* Products */,
			);
			sourceTree = "<group>";
		};
		08554AA0179990D4009AFE5E /* Products */ = {
			isa = PBXGroup;
			children = (
				08554A9F179990D4009AFE5E /* OnTheGoReg.app */,
				08554AC3179990D4009AFE5E /* OnTheGoRegTests.xctest */,
			);
			name = Products;
			sourceTree = "<group>";
		};
		08554AA1179990D4009AFE5E /* Frameworks */ = {
			isa = PBXGroup;
			children = (
				08E63332179A76FF00174D4E /* tessdata */,
				08E63284179A767400174D4E /* tesseract-ios */,
				08E6328A179A767400174D4E /* tesseract-ios-lib */,
				08E631B1179A56CD00174D4E /* CHCSVParser */,
				08E631A5179A425A00174D4E /* libssl.a */,
				08E631A3179A424800174D4E /* libxml2.dylib */,
				08E631A1179A420900174D4E /* SalesforceSDKResources.bundle */,
				08E6319F179A420400174D4E /* Settings.bundle */,
				08E6319D179A41BF00174D4E /* CoreData.framework */,
				08E6319B179A41AF00174D4E /* MessageUI.framework */,
				08E63199179A41A600174D4E /* MobileCoreServices.framework */,
				08E63197179A419B00174D4E /* Security.framework */,
				08E63195179A419500174D4E /* SystemConfiguration.framework */,
				08554B131799979C009AFE5E /* QuartzCore.framework */,
				08554B1117999785009AFE5E /* libsqlite3.dylib */,
				08554B0F1799977B009AFE5E /* libz.dylib */,
				08554B0B17999698009AFE5E /* Reachability */,
				08554B03179995B7009AFE5E /* Logging */,
				08554AEF17999598009AFE5E /* FMDB */,
				08554AA2179990D4009AFE5E /* Foundation.framework */,
				08554AA4179990D4009AFE5E /* CoreGraphics.framework */,
				08554AA6179990D4009AFE5E /* UIKit.framework */,
				08554AC4179990D4009AFE5E /* XCTest.framework */,
			);
			name = Frameworks;
			sourceTree = "<group>";
		};
		08554AA8179990D4009AFE5E /* OnTheGoReg */ = {
			isa = PBXGroup;
			children = (
				08554AB7179990D4009AFE5E /* Main_iPad.storyboard */,
				08554AB4179990D4009AFE5E /* Main_iPhone.storyboard */,
				08554B0817999654009AFE5E /* HSFInterface */,
				08554AB1179990D4009AFE5E /* HSFAppDelegate.h */,
				08554AB2179990D4009AFE5E /* HSFAppDelegate.m */,
				08554ABA179990D4009AFE5E /* HSFContactViewController.h */,
				08554ABB179990D4009AFE5E /* HSFContactViewController.m */,
				08627FFC1799BF870018E575 /* HSFAdditionalInformationViewController_iPhone.h */,
				08627FFD1799BF870018E575 /* HSFAdditionalInformationViewController_iPhone.m */,
				086280101799DF840018E575 /* HSFAdditionalInfoComponentsView.h */,
				086280111799DF840018E575 /* HSFAdditionalInfoComponentsView.m */,
				086280031799C2BD0018E575 /* HSFContact.h */,
				086280041799C2BD0018E575 /* HSFContact.m */,
				086280081799C7290018E575 /* HSFNetManager.h */,
				086280091799C7290018E575 /* HSFNetManager.m */,
				08E631A7179A45B600174D4E /* Database */,
				08627FFF1799BFC00018E575 /* Utilities */,
				08554AA9179990D4009AFE5E /* Supporting Files */,
				08554ABD179990D4009AFE5E /* Images.xcassets */,
			);
			path = OnTheGoReg;
			sourceTree = "<group>";
		};
		08554AA9179990D4009AFE5E /* Supporting Files */ = {
			isa = PBXGroup;
			children = (
				08554AAA179990D4009AFE5E /* OnTheGoReg-Info.plist */,
				08554AAB179990D4009AFE5E /* InfoPlist.strings */,
				08554AAE179990D4009AFE5E /* main.m */,
				08554AB0179990D4009AFE5E /* OnTheGoReg-Prefix.pch */,
			);
			name = "Supporting Files";
			sourceTree = "<group>";
		};
		08554ACA179990D4009AFE5E /* OnTheGoRegTests */ = {
			isa = PBXGroup;
			children = (
				08554AD0179990D4009AFE5E /* OnTheGoRegTests.m */,
				08554ACB179990D4009AFE5E /* Supporting Files */,
			);
			path = OnTheGoRegTests;
			sourceTree = "<group>";
		};
		08554ACB179990D4009AFE5E /* Supporting Files */ = {
			isa = PBXGroup;
			children = (
				08554ACC179990D4009AFE5E /* OnTheGoRegTests-Info.plist */,
				08554ACD179990D4009AFE5E /* InfoPlist.strings */,
			);
			name = "Supporting Files";
			sourceTree = "<group>";
		};
		08554AEE17999589009AFE5E /* Resources */ = {
			isa = PBXGroup;
			children = (
				08554B171799A93C009AFE5E /* Databases */,
				08554B191799A93C009AFE5E /* Images */,
			);
			name = Resources;
			path = OnTheGoReg/Resources;
			sourceTree = "<group>";
		};
		08554AEF17999598009AFE5E /* FMDB */ = {
			isa = PBXGroup;
			children = (
				08554AF117999598009AFE5E /* FMDatabase.h */,
				08554AF217999598009AFE5E /* FMDatabase.m */,
				08554AF317999598009AFE5E /* FMDatabaseAdditions.h */,
				08554AF417999598009AFE5E /* FMDatabaseAdditions.m */,
				08554AF517999598009AFE5E /* FMDatabasePool.h */,
				08554AF617999598009AFE5E /* FMDatabasePool.m */,
				08554AF717999598009AFE5E /* FMDatabaseQueue.h */,
				08554AF817999598009AFE5E /* FMDatabaseQueue.m */,
				08554AF917999598009AFE5E /* FMResultSet.h */,
				08554AFA17999598009AFE5E /* FMResultSet.m */,
			);
			name = FMDB;
			path = OnTheGoReg/Utilities/FMDB;
			sourceTree = "<group>";
		};
		08554B03179995B7009AFE5E /* Logging */ = {
			isa = PBXGroup;
			children = (
				08554B04179995B7009AFE5E /* Logging.h */,
			);
			name = Logging;
			path = OnTheGoReg/Utilities/Logging;
			sourceTree = "<group>";
		};
		08554B0817999654009AFE5E /* HSFInterface */ = {
			isa = PBXGroup;
			children = (
				08554B0917999654009AFE5E /* HSFControls.h */,
				08554B0A17999654009AFE5E /* HSFDefinitions.h */,
			);
			path = HSFInterface;
			sourceTree = "<group>";
		};
		08554B0B17999698009AFE5E /* Reachability */ = {
			isa = PBXGroup;
			children = (
				08554B0C17999698009AFE5E /* Reachability.h */,
				08554B0D17999698009AFE5E /* Reachability.m */,
			);
			name = Reachability;
			path = OnTheGoReg/Utilities/Reachability;
			sourceTree = "<group>";
		};
		08554B171799A93C009AFE5E /* Databases */ = {
			isa = PBXGroup;
			children = (
				08554B181799A93C009AFE5E /* schema.sql */,
				08E631AE179A4F9000174D4E /* contactDB.sqlite3 */,
			);
			path = Databases;
			sourceTree = "<group>";
		};
		08554B191799A93C009AFE5E /* Images */ = {
			isa = PBXGroup;
			children = (
				08E63335179A7AF700174D4E /* Sample_Business_Card.gif */,
				08E63333179A77E200174D4E /* image_sample.jpg */,
				08E63191179A20F200174D4E /* TitleBariPad.png */,
				08E63192179A20F200174D4E /* TitleBariPhone.png */,
				08D2ED94179A15D500A9DB3C /* SubmitButton.png */,
				08D2ED90179A15D000A9DB3C /* BackButton.png */,
				08E6318F179A1C2E00174D4E /* InstructionsBariPad.png */,
				08E6318D179A1C2000174D4E /* InstructionsBariPhone.png */,
				08D2ED91179A15D000A9DB3C /* NextButton.png */,
				08D2ED8C179A01F400A9DB3C /* CameraButton.png */,
				086280061799C5800018E575 /* CheckBoxUnchecked.png */,
				08554B1D1799AA1F009AFE5E /* BlueSample.jpg */,
				08554B1E1799AA1F009AFE5E /* GreenSample.jpg */,
				0862800E1799D84F0018E575 /* CheckBoxChecked.png */,
				08554B1A1799A93C009AFE5E /* BlackSample.png */,
			);
			path = Images;
			sourceTree = "<group>";
		};
		08627FFF1799BFC00018E575 /* Utilities */ = {
			isa = PBXGroup;
			children = (
				0862800B1799D1680018E575 /* UIViewController+Extensions.h */,
				0862800C1799D1680018E575 /* UIViewController+Extensions.m */,
				086280001799BFEE0018E575 /* HSFCheckBox.h */,
				086280011799BFEE0018E575 /* HSFCheckBox.m */,
				08E631AB179A4AC600174D4E /* NSDate+Extensions.h */,
				08E631AC179A4AC600174D4E /* NSDate+Extensions.m */,
			);
			name = Utilities;
			sourceTree = "<group>";
		};
		08E631A7179A45B600174D4E /* Database */ = {
			isa = PBXGroup;
			children = (
				08E631A8179A45D000174D4E /* HSFDatabasController.h */,
				08E631A9179A45D000174D4E /* HSFDatabasController.m */,
			);
			name = Database;
			sourceTree = "<group>";
		};
		08E631B1179A56CD00174D4E /* CHCSVParser */ = {
			isa = PBXGroup;
			children = (
				08E631B2179A56CD00174D4E /* CHCSVParser.h */,
				08E631B3179A56CD00174D4E /* CHCSVParser.m */,
			);
			name = CHCSVParser;
			path = OnTheGoReg/Utilities/CHCSVParser;
			sourceTree = "<group>";
		};
		08E63284179A767400174D4E /* tesseract-ios */ = {
			isa = PBXGroup;
			children = (
				08E63285179A767400174D4E /* Classes */,
				08E63288179A767400174D4E /* LICENSE */,
				08E63289179A767400174D4E /* README.md */,
			);
			name = "tesseract-ios";
			path = "OnTheGoReg/Utilities/tesseract-ios";
			sourceTree = "<group>";
		};
		08E63285179A767400174D4E /* Classes */ = {
			isa = PBXGroup;
			children = (
				08E63286179A767400174D4E /* Tesseract.h */,
				08E63287179A767400174D4E /* Tesseract.mm */,
			);
			path = Classes;
			sourceTree = "<group>";
		};
		08E6328A179A767400174D4E /* tesseract-ios-lib */ = {
			isa = PBXGroup;
			children = (
				08E6328B179A767400174D4E /* .gitignore */,
				08E6328C179A767400174D4E /* include */,
				08E6331E179A767400174D4E /* lib */,
				08E63321179A767400174D4E /* README.md */,
			);
			name = "tesseract-ios-lib";
			path = "OnTheGoReg/Utilities/tesseract-ios-lib";
			sourceTree = "<group>";
		};
		08E6328C179A767400174D4E /* include */ = {
			isa = PBXGroup;
			children = (
				08E6328D179A767400174D4E /* leptonica */,
				08E632A9179A767400174D4E /* tesseract */,
			);
			path = include;
			sourceTree = "<group>";
		};
		08E6328D179A767400174D4E /* leptonica */ = {
			isa = PBXGroup;
			children = (
				08E6328E179A767400174D4E /* allheaders.h */,
				08E6328F179A767400174D4E /* alltypes.h */,
				08E63290179A767400174D4E /* array.h */,
				08E63291179A767400174D4E /* arrayaccess.h */,
				08E63292179A767400174D4E /* bbuffer.h */,
				08E63293179A767400174D4E /* bmf.h */,
				08E63294179A767400174D4E /* bmp.h */,
				08E63295179A767400174D4E /* ccbord.h */,
				08E63296179A767400174D4E /* dewarp.h */,
				08E63297179A767400174D4E /* endianness.h */,
				08E63298179A767400174D4E /* environ.h */,
				08E63299179A767400174D4E /* freetype.h */,
				08E6329A179A767400174D4E /* gplot.h */,
				08E6329B179A767400174D4E /* heap.h */,
				08E6329C179A767400174D4E /* imageio.h */,
				08E6329D179A767400174D4E /* jbclass.h */,
				08E6329E179A767400174D4E /* leptwin.h */,
				08E6329F179A767400174D4E /* list.h */,
				08E632A0179A767400174D4E /* morph.h */,
				08E632A1179A767400174D4E /* pix.h */,
				08E632A2179A767400174D4E /* ptra.h */,
				08E632A3179A767400174D4E /* queue.h */,
				08E632A4179A767400174D4E /* readbarcode.h */,
				08E632A5179A767400174D4E /* regutils.h */,
				08E632A6179A767400174D4E /* stack.h */,
				08E632A7179A767400174D4E /* sudoku.h */,
				08E632A8179A767400174D4E /* watershed.h */,
			);
			path = leptonica;
			sourceTree = "<group>";
		};
		08E632A9179A767400174D4E /* tesseract */ = {
			isa = PBXGroup;
			children = (
				08E632AA179A767400174D4E /* ambigs.h */,
				08E632AB179A767400174D4E /* apitypes.h */,
				08E632AC179A767400174D4E /* baseapi.h */,
				08E632AD179A767400174D4E /* basedir.h */,
				08E632AE179A767400174D4E /* bits16.h */,
				08E632AF179A767400174D4E /* bitvector.h */,
				08E632B0179A767400174D4E /* blckerr.h */,
				08E632B1179A767400174D4E /* blobbox.h */,
				08E632B2179A767400174D4E /* blobs.h */,
				08E632B3179A767400174D4E /* blread.h */,
				08E632B4179A767400174D4E /* boxread.h */,
				08E632B5179A767400174D4E /* boxword.h */,
				08E632B6179A767400174D4E /* capi.h */,
				08E632B7179A767400174D4E /* ccstruct.h */,
				08E632B8179A767400174D4E /* ccutil.h */,
				08E632B9179A767400174D4E /* clst.h */,
				08E632BA179A767400174D4E /* control.h */,
				08E632BB179A767400174D4E /* coutln.h */,
				08E632BC179A767400174D4E /* crakedge.h */,
				08E632BD179A767400174D4E /* cube_reco_context.h */,
				08E632BE179A767400174D4E /* cubeclassifier.h */,
				08E632BF179A767400174D4E /* detlinefit.h */,
				08E632C0179A767400174D4E /* docqual.h */,
				08E632C1179A767400174D4E /* dppoint.h */,
				08E632C2179A767400174D4E /* elst.h */,
				08E632C3179A767400174D4E /* elst2.h */,
				08E632C4179A767400174D4E /* equationdetect.h */,
				08E632C5179A767400174D4E /* errcode.h */,
				08E632C6179A767400174D4E /* fileerr.h */,
				08E632C7179A767400174D4E /* fixspace.h */,
				08E632C8179A767400174D4E /* fontinfo.h */,
				08E632C9179A767400174D4E /* genblob.h */,
				08E632CA179A767400174D4E /* genericvector.h */,
				08E632CB179A767400174D4E /* globaloc.h */,
				08E632CC179A767400174D4E /* hashfn.h */,
				08E632CD179A767400174D4E /* helpers.h */,
				08E632CE179A767400174D4E /* host.h */,
				08E632CF179A767400174D4E /* hosthplb.h */,
				08E632D0179A767400174D4E /* hpddef.h */,
				08E632D1179A767400174D4E /* hpdsizes.h */,
				08E632D2179A767400174D4E /* imgscale.h */,
				08E632D3179A767400174D4E /* indexmapbidi.h */,
				08E632D4179A767400174D4E /* ipoints.h */,
				08E632D5179A767400174D4E /* linlsq.h */,
				08E632D6179A767400174D4E /* lsterr.h */,
				08E632D7179A767400174D4E /* ltrresultiterator.h */,
				08E632D8179A767400174D4E /* matrix.h */,
				08E632D9179A767400174D4E /* memry.h */,
				08E632DA179A767400174D4E /* mfcpch.h */,
				08E632DB179A767400174D4E /* mod128.h */,
				08E632DC179A767400174D4E /* mutableiterator.h */,
				08E632DD179A767400174D4E /* ndminx.h */,
				08E632DE179A767400174D4E /* normalis.h */,
				08E632DF179A767400174D4E /* notdll.h */,
				08E632E0179A767400174D4E /* nwmain.h */,
				08E632E1179A767400174D4E /* ocrblock.h */,
				08E632E2179A767400174D4E /* ocrclass.h */,
				08E632E3179A767400174D4E /* ocrpara.h */,
				08E632E4179A767400174D4E /* ocrrow.h */,
				08E632E5179A767400174D4E /* osdetect.h */,
				08E632E6179A767400174D4E /* otsuthr.h */,
				08E632E7179A767400174D4E /* output.h */,
				08E632E8179A767400174D4E /* pageiterator.h */,
				08E632E9179A767400174D4E /* pageres.h */,
				08E632EA179A767400174D4E /* paragraphs.h */,
				08E632EB179A767400174D4E /* paragraphs_internal.h */,
				08E632EC179A767400174D4E /* params.h */,
				08E632ED179A767400174D4E /* params_training_featdef.h */,
				08E632EE179A767400174D4E /* paramsd.h */,
				08E632EF179A767400174D4E /* pdblock.h */,
				08E632F0179A767400174D4E /* pgedit.h */,
				08E632F1179A767400174D4E /* platform.h */,
				08E632F2179A767400174D4E /* points.h */,
				08E632F3179A767400174D4E /* polyaprx.h */,
				08E632F4179A767400174D4E /* polyblk.h */,
				08E632F5179A767400174D4E /* publictypes.h */,
				08E632F6179A767400174D4E /* qrsequence.h */,
				08E632F7179A767400174D4E /* quadlsq.h */,
				08E632F8179A767400174D4E /* quadratc.h */,
				08E632F9179A767400174D4E /* quspline.h */,
				08E632FA179A767400174D4E /* ratngs.h */,
				08E632FB179A767400174D4E /* rect.h */,
				08E632FC179A767400174D4E /* rejctmap.h */,
				08E632FD179A767400174D4E /* reject.h */,
				08E632FE179A767400174D4E /* resultiterator.h */,
				08E632FF179A767400174D4E /* scaleimg.h */,
				08E63300179A767400174D4E /* scanutils.h */,
				08E63301179A767400174D4E /* seam.h */,
				08E63302179A767400174D4E /* secname.h */,
				08E63303179A767400174D4E /* serialis.h */,
				08E63304179A767400174D4E /* sorthelper.h */,
				08E63305179A767400174D4E /* split.h */,
				08E63306179A767400174D4E /* statistc.h */,
				08E63307179A767400174D4E /* stderr.h */,
				08E63308179A767400174D4E /* stepblob.h */,
				08E63309179A767400174D4E /* strngs.h */,
				08E6330A179A767400174D4E /* tessbox.h */,
				08E6330B179A767400174D4E /* tesscallback.h */,
				08E6330C179A767400174D4E /* tessdatamanager.h */,
				08E6330D179A767400174D4E /* tessedit.h */,
				08E6330E179A767400174D4E /* tesseract_cube_combiner.h */,
				08E6330F179A767400174D4E /* tesseractclass.h */,
				08E63310179A767400174D4E /* tesseractmain.h */,
				08E63311179A767400174D4E /* tessvars.h */,
				08E63312179A767400174D4E /* tfacep.h */,
				08E63313179A767400174D4E /* tfacepp.h */,
				08E63314179A767400174D4E /* thresholder.h */,
				08E63315179A767400174D4E /* tprintf.h */,
				08E63316179A767400174D4E /* unichar.h */,
				08E63317179A767400174D4E /* unicharmap.h */,
				08E63318179A767400174D4E /* unicharset.h */,
				08E63319179A767400174D4E /* unicity_table.h */,
				08E6331A179A767400174D4E /* unicodes.h */,
				08E6331B179A767400174D4E /* vecfuncs.h */,
				08E6331C179A767400174D4E /* werd.h */,
				08E6331D179A767400174D4E /* werdit.h */,
			);
			path = tesseract;
			sourceTree = "<group>";
		};
		08E6331E179A767400174D4E /* lib */ = {
			isa = PBXGroup;
			children = (
				08E6331F179A767400174D4E /* liblept.a */,
				08E63320179A767400174D4E /* libtesseract_all.a */,
			);
			path = lib;
			sourceTree = "<group>";
		};
/* End PBXGroup section */

/* Begin PBXNativeTarget section */
		08554A9E179990D4009AFE5E /* OnTheGoReg */ = {
			isa = PBXNativeTarget;
			buildConfigurationList = 08554AD4179990D4009AFE5E /* Build configuration list for PBXNativeTarget "OnTheGoReg" */;
			buildPhases = (
				08554A9B179990D4009AFE5E /* Sources */,
				08554A9C179990D4009AFE5E /* Frameworks */,
				08554A9D179990D4009AFE5E /* Resources */,
			);
			buildRules = (
			);
			dependencies = (
			);
			name = OnTheGoReg;
			productName = OnTheGoReg;
			productReference = 08554A9F179990D4009AFE5E /* OnTheGoReg.app */;
			productType = "com.apple.product-type.application";
		};
		08554AC2179990D4009AFE5E /* OnTheGoRegTests */ = {
			isa = PBXNativeTarget;
			buildConfigurationList = 08554AD7179990D4009AFE5E /* Build configuration list for PBXNativeTarget "OnTheGoRegTests" */;
			buildPhases = (
				08554ABF179990D4009AFE5E /* Sources */,
				08554AC0179990D4009AFE5E /* Frameworks */,
				08554AC1179990D4009AFE5E /* Resources */,
			);
			buildRules = (
			);
			dependencies = (
				08554AC9179990D4009AFE5E /* PBXTargetDependency */,
			);
			name = OnTheGoRegTests;
			productName = OnTheGoRegTests;
			productReference = 08554AC3179990D4009AFE5E /* OnTheGoRegTests.xctest */;
			productType = "com.apple.product-type.bundle.unit-test";
		};
/* End PBXNativeTarget section */

/* Begin PBXProject section */
		08554A97179990D4009AFE5E /* Project object */ = {
			isa = PBXProject;
			attributes = {
				CLASSPREFIX = HSF;
				LastUpgradeCheck = 0500;
				ORGANIZATIONNAME = "Hispanic Scholarship Fund";
				TargetAttributes = {
					08554AC2179990D4009AFE5E = {
						TestTargetID = 08554A9E179990D4009AFE5E;
					};
				};
			};
			buildConfigurationList = 08554A9A179990D4009AFE5E /* Build configuration list for PBXProject "OnTheGoReg" */;
			compatibilityVersion = "Xcode 3.2";
			developmentRegion = English;
			hasScannedForEncodings = 0;
			knownRegions = (
				en,
				Base,
			);
			mainGroup = 08554A96179990D4009AFE5E;
			productRefGroup = 08554AA0179990D4009AFE5E /* Products */;
			projectDirPath = "";
			projectRoot = "";
			targets = (
				08554A9E179990D4009AFE5E /* OnTheGoReg */,
				08554AC2179990D4009AFE5E /* OnTheGoRegTests */,
			);
		};
/* End PBXProject section */

/* Begin PBXResourcesBuildPhase section */
		08554A9D179990D4009AFE5E /* Resources */ = {
			isa = PBXResourcesBuildPhase;
			buildActionMask = 2147483647;
			files = (
				08E6332E179A767400174D4E /* .gitignore in Resources */,
				08D2ED92179A15D000A9DB3C /* BackButton.png in Resources */,
				08E631A0179A420400174D4E /* Settings.bundle in Resources */,
				08E63190179A1C2E00174D4E /* InstructionsBariPad.png in Resources */,
				08E6332D179A767400174D4E /* README.md in Resources */,
				08D2ED93179A15D000A9DB3C /* NextButton.png in Resources */,
				08E63331179A767400174D4E /* README.md in Resources */,
				08D2ED8D179A01F400A9DB3C /* CameraButton.png in Resources */,
				08D2ED95179A15D500A9DB3C /* SubmitButton.png in Resources */,
				08554AB9179990D4009AFE5E /* Main_iPad.storyboard in Resources */,
				08554B201799AA1F009AFE5E /* GreenSample.jpg in Resources */,
				08E6318E179A1C2000174D4E /* InstructionsBariPhone.png in Resources */,
				08E631A2179A420900174D4E /* SalesforceSDKResources.bundle in Resources */,
				08E631AF179A4F9000174D4E /* contactDB.sqlite3 in Resources */,
				08554ABE179990D4009AFE5E /* Images.xcassets in Resources */,
				08554B1B1799A93C009AFE5E /* schema.sql in Resources */,
				086280071799C5800018E575 /* CheckBoxUnchecked.png in Resources */,
				08E63336179A7AF700174D4E /* Sample_Business_Card.gif in Resources */,
				08554B1C1799A93C009AFE5E /* BlackSample.png in Resources */,
				08554B1F1799AA1F009AFE5E /* BlueSample.jpg in Resources */,
				08E63334179A77E200174D4E /* image_sample.jpg in Resources */,
				08E6332C179A767400174D4E /* LICENSE in Resources */,
				08554AB6179990D4009AFE5E /* Main_iPhone.storyboard in Resources */,
				0862800F1799D84F0018E575 /* CheckBoxChecked.png in Resources */,
				08E63193179A20F200174D4E /* TitleBariPad.png in Resources */,
				08554AAD179990D4009AFE5E /* InfoPlist.strings in Resources */,
				08E63194179A20F200174D4E /* TitleBariPhone.png in Resources */,
			);
			runOnlyForDeploymentPostprocessing = 0;
		};
		08554AC1179990D4009AFE5E /* Resources */ = {
			isa = PBXResourcesBuildPhase;
			buildActionMask = 2147483647;
			files = (
				08554ACF179990D4009AFE5E /* InfoPlist.strings in Resources */,
			);
			runOnlyForDeploymentPostprocessing = 0;
		};
/* End PBXResourcesBuildPhase section */

/* Begin PBXSourcesBuildPhase section */
		08554A9B179990D4009AFE5E /* Sources */ = {
			isa = PBXSourcesBuildPhase;
			buildActionMask = 2147483647;
			files = (
				08554AB3179990D4009AFE5E /* HSFAppDelegate.m in Sources */,
				08554AFE17999598009AFE5E /* FMDatabasePool.m in Sources */,
				08554AAF179990D4009AFE5E /* main.m in Sources */,
				08627FFE1799BF870018E575 /* HSFAdditionalInformationViewController_iPhone.m in Sources */,
				086280021799BFEE0018E575 /* HSFCheckBox.m in Sources */,
				08E6332B179A767400174D4E /* Tesseract.mm in Sources */,
				08554AFF17999598009AFE5E /* FMDatabaseQueue.m in Sources */,
				08E631AA179A45D000174D4E /* HSFDatabasController.m in Sources */,
				08554ABC179990D4009AFE5E /* HSFContactViewController.m in Sources */,
				08E631B4179A56CD00174D4E /* CHCSVParser.m in Sources */,
				08554AFC17999598009AFE5E /* FMDatabase.m in Sources */,
				086280051799C2BD0018E575 /* HSFContact.m in Sources */,
				08E631AD179A4AC600174D4E /* NSDate+Extensions.m in Sources */,
				08554B0017999598009AFE5E /* FMResultSet.m in Sources */,
				0862800D1799D1680018E575 /* UIViewController+Extensions.m in Sources */,
				0862800A1799C7290018E575 /* HSFNetManager.m in Sources */,
				08554B0E17999698009AFE5E /* Reachability.m in Sources */,
				086280121799DF840018E575 /* HSFAdditionalInfoComponentsView.m in Sources */,
				08554AFD17999598009AFE5E /* FMDatabaseAdditions.m in Sources */,
			);
			runOnlyForDeploymentPostprocessing = 0;
		};
		08554ABF179990D4009AFE5E /* Sources */ = {
			isa = PBXSourcesBuildPhase;
			buildActionMask = 2147483647;
			files = (
				08554AD1179990D4009AFE5E /* OnTheGoRegTests.m in Sources */,
			);
			runOnlyForDeploymentPostprocessing = 0;
		};
/* End PBXSourcesBuildPhase section */

/* Begin PBXTargetDependency section */
		08554AC9179990D4009AFE5E /* PBXTargetDependency */ = {
			isa = PBXTargetDependency;
			target = 08554A9E179990D4009AFE5E /* OnTheGoReg */;
			targetProxy = 08554AC8179990D4009AFE5E /* PBXContainerItemProxy */;
		};
/* End PBXTargetDependency section */

/* Begin PBXVariantGroup section */
		08554AAB179990D4009AFE5E /* InfoPlist.strings */ = {
			isa = PBXVariantGroup;
			children = (
				08554AAC179990D4009AFE5E /* en */,
			);
			name = InfoPlist.strings;
			sourceTree = "<group>";
		};
		08554AB4179990D4009AFE5E /* Main_iPhone.storyboard */ = {
			isa = PBXVariantGroup;
			children = (
				08554AB5179990D4009AFE5E /* Base */,
			);
			name = Main_iPhone.storyboard;
			sourceTree = "<group>";
		};
		08554AB7179990D4009AFE5E /* Main_iPad.storyboard */ = {
			isa = PBXVariantGroup;
			children = (
				08554AB8179990D4009AFE5E /* Base */,
			);
			name = Main_iPad.storyboard;
			sourceTree = "<group>";
		};
		08554ACD179990D4009AFE5E /* InfoPlist.strings */ = {
			isa = PBXVariantGroup;
			children = (
				08554ACE179990D4009AFE5E /* en */,
			);
			name = InfoPlist.strings;
			sourceTree = "<group>";
		};
/* End PBXVariantGroup section */

/* Begin XCBuildConfiguration section */
		08554AD2179990D4009AFE5E /* Debug */ = {
			isa = XCBuildConfiguration;
			buildSettings = {
				ALWAYS_SEARCH_USER_PATHS = NO;
				CLANG_CXX_LANGUAGE_STANDARD = "gnu++0x";
				CLANG_CXX_LIBRARY = "libc++";
				CLANG_ENABLE_MODULES = YES;
				CLANG_ENABLE_OBJC_ARC = YES;
				CLANG_WARN_BOOL_CONVERSION = YES;
				CLANG_WARN_CONSTANT_CONVERSION = YES;
				CLANG_WARN_DIRECT_OBJC_ISA_USAGE = YES_ERROR;
				CLANG_WARN_EMPTY_BODY = YES;
				CLANG_WARN_ENUM_CONVERSION = YES;
				CLANG_WARN_INT_CONVERSION = YES;
				CLANG_WARN_OBJC_ROOT_CLASS = YES_ERROR;
				CLANG_WARN__DUPLICATE_METHOD_MATCH = YES;
				"CODE_SIGN_IDENTITY[sdk=iphoneos*]" = "iPhone Developer";
				COPY_PHASE_STRIP = NO;
				GCC_C_LANGUAGE_STANDARD = gnu99;
				GCC_DYNAMIC_NO_PIC = NO;
				GCC_OPTIMIZATION_LEVEL = 0;
				GCC_PREPROCESSOR_DEFINITIONS = (
					"DEBUG=1",
					"$(inherited)",
				);
				GCC_SYMBOLS_PRIVATE_EXTERN = NO;
				GCC_WARN_ABOUT_RETURN_TYPE = YES_ERROR;
				GCC_WARN_UNDECLARED_SELECTOR = YES;
				GCC_WARN_UNINITIALIZED_AUTOS = YES;
				GCC_WARN_UNUSED_FUNCTION = YES;
				GCC_WARN_UNUSED_VARIABLE = YES;
				IPHONEOS_DEPLOYMENT_TARGET = 6.0;
				ONLY_ACTIVE_ARCH = YES;
				SDKROOT = iphoneos;
				TARGETED_DEVICE_FAMILY = "1,2";
			};
			name = Debug;
		};
		08554AD3179990D4009AFE5E /* Release */ = {
			isa = XCBuildConfiguration;
			buildSettings = {
				ALWAYS_SEARCH_USER_PATHS = NO;
				CLANG_CXX_LANGUAGE_STANDARD = "gnu++0x";
				CLANG_CXX_LIBRARY = "libc++";
				CLANG_ENABLE_MODULES = YES;
				CLANG_ENABLE_OBJC_ARC = YES;
				CLANG_WARN_BOOL_CONVERSION = YES;
				CLANG_WARN_CONSTANT_CONVERSION = YES;
				CLANG_WARN_DIRECT_OBJC_ISA_USAGE = YES_ERROR;
				CLANG_WARN_EMPTY_BODY = YES;
				CLANG_WARN_ENUM_CONVERSION = YES;
				CLANG_WARN_INT_CONVERSION = YES;
				CLANG_WARN_OBJC_ROOT_CLASS = YES_ERROR;
				CLANG_WARN__DUPLICATE_METHOD_MATCH = YES;
				"CODE_SIGN_IDENTITY[sdk=iphoneos*]" = "iPhone Developer";
				COPY_PHASE_STRIP = YES;
				ENABLE_NS_ASSERTIONS = NO;
				GCC_C_LANGUAGE_STANDARD = gnu99;
				GCC_WARN_ABOUT_RETURN_TYPE = YES_ERROR;
				GCC_WARN_UNDECLARED_SELECTOR = YES;
				GCC_WARN_UNINITIALIZED_AUTOS = YES;
				GCC_WARN_UNUSED_FUNCTION = YES;
				GCC_WARN_UNUSED_VARIABLE = YES;
				IPHONEOS_DEPLOYMENT_TARGET = 6.0;
				SDKROOT = iphoneos;
				TARGETED_DEVICE_FAMILY = "1,2";
				VALIDATE_PRODUCT = YES;
			};
			name = Release;
		};
		08554AD5179990D4009AFE5E /* Debug */ = {
			isa = XCBuildConfiguration;
			buildSettings = {
				ARCHS = armv7;
				ASSETCATALOG_COMPILER_APPICON_NAME = AppIcon;
				ASSETCATALOG_COMPILER_LAUNCHIMAGE_NAME = LaunchImage;
				CLANG_CXX_LIBRARY = "compiler-default";
				GCC_PRECOMPILE_PREFIX_HEADER = YES;
				GCC_PREFIX_HEADER = "OnTheGoReg/OnTheGoReg-Prefix.pch";
				INFOPLIST_FILE = "OnTheGoReg/OnTheGoReg-Info.plist";
				LIBRARY_SEARCH_PATHS = (
					"$(inherited)",
					"$(SRCROOT)/../../../Desktop/SalesforceMobileSDK-iOS/external/ThirdPartyDependencies/openssl",
					"$(SRCROOT)/OnTheGoReg/Utilities/tesseract-ios-lib/lib",
				);
				PRODUCT_NAME = "$(TARGET_NAME)";
				WRAPPER_EXTENSION = app;
			};
			name = Debug;
		};
		08554AD6179990D4009AFE5E /* Release */ = {
			isa = XCBuildConfiguration;
			buildSettings = {
				ARCHS = armv7;
				ASSETCATALOG_COMPILER_APPICON_NAME = AppIcon;
				ASSETCATALOG_COMPILER_LAUNCHIMAGE_NAME = LaunchImage;
				CLANG_CXX_LIBRARY = "compiler-default";
				GCC_PRECOMPILE_PREFIX_HEADER = YES;
				GCC_PREFIX_HEADER = "OnTheGoReg/OnTheGoReg-Prefix.pch";
				INFOPLIST_FILE = "OnTheGoReg/OnTheGoReg-Info.plist";
				LIBRARY_SEARCH_PATHS = (
					"$(inherited)",
					"$(SRCROOT)/../../../Desktop/SalesforceMobileSDK-iOS/external/ThirdPartyDependencies/openssl",
					"$(SRCROOT)/OnTheGoReg/Utilities/tesseract-ios-lib/lib",
				);
				PRODUCT_NAME = "$(TARGET_NAME)";
				WRAPPER_EXTENSION = app;
			};
			name = Release;
		};
		08554AD8179990D4009AFE5E /* Debug */ = {
			isa = XCBuildConfiguration;
			buildSettings = {
				BUNDLE_LOADER = "$(BUILT_PRODUCTS_DIR)/OnTheGoReg.app/OnTheGoReg";
				FRAMEWORK_SEARCH_PATHS = (
					"$(SDKROOT)/Developer/Library/Frameworks",
					"$(inherited)",
					"$(SYSTEM_APPS_DIR)/Xcode5-DP3.app/Contents/Developer/Library/Frameworks",
				);
				GCC_PRECOMPILE_PREFIX_HEADER = YES;
				GCC_PREFIX_HEADER = "OnTheGoReg/OnTheGoReg-Prefix.pch";
				GCC_PREPROCESSOR_DEFINITIONS = (
					"DEBUG=1",
					"$(inherited)",
				);
				INFOPLIST_FILE = "OnTheGoRegTests/OnTheGoRegTests-Info.plist";
				PRODUCT_NAME = "$(TARGET_NAME)";
				TEST_HOST = "$(BUNDLE_LOADER)";
				WRAPPER_EXTENSION = xctest;
			};
			name = Debug;
		};
		08554AD9179990D4009AFE5E /* Release */ = {
			isa = XCBuildConfiguration;
			buildSettings = {
				BUNDLE_LOADER = "$(BUILT_PRODUCTS_DIR)/OnTheGoReg.app/OnTheGoReg";
				FRAMEWORK_SEARCH_PATHS = (
					"$(SDKROOT)/Developer/Library/Frameworks",
					"$(inherited)",
					"$(SYSTEM_APPS_DIR)/Xcode5-DP3.app/Contents/Developer/Library/Frameworks",
				);
				GCC_PRECOMPILE_PREFIX_HEADER = YES;
				GCC_PREFIX_HEADER = "OnTheGoReg/OnTheGoReg-Prefix.pch";
				INFOPLIST_FILE = "OnTheGoRegTests/OnTheGoRegTests-Info.plist";
				PRODUCT_NAME = "$(TARGET_NAME)";
				TEST_HOST = "$(BUNDLE_LOADER)";
				WRAPPER_EXTENSION = xctest;
			};
			name = Release;
		};
/* End XCBuildConfiguration section */

/* Begin XCConfigurationList section */
		08554A9A179990D4009AFE5E /* Build configuration list for PBXProject "OnTheGoReg" */ = {
			isa = XCConfigurationList;
			buildConfigurations = (
				08554AD2179990D4009AFE5E /* Debug */,
				08554AD3179990D4009AFE5E /* Release */,
			);
			defaultConfigurationIsVisible = 0;
			defaultConfigurationName = Release;
		};
		08554AD4179990D4009AFE5E /* Build configuration list for PBXNativeTarget "OnTheGoReg" */ = {
			isa = XCConfigurationList;
			buildConfigurations = (
				08554AD5179990D4009AFE5E /* Debug */,
				08554AD6179990D4009AFE5E /* Release */,
			);
			defaultConfigurationIsVisible = 0;
			defaultConfigurationName = Release;
		};
		08554AD7179990D4009AFE5E /* Build configuration list for PBXNativeTarget "OnTheGoRegTests" */ = {
			isa = XCConfigurationList;
			buildConfigurations = (
				08554AD8179990D4009AFE5E /* Debug */,
				08554AD9179990D4009AFE5E /* Release */,
			);
			defaultConfigurationIsVisible = 0;
			defaultConfigurationName = Release;
		};
/* End XCConfigurationList section */
	};
	rootObject = 08554A97179990D4009AFE5E /* Project object */;
}
